// !$*UTF8*$!
{
	archiveVersion = 1;
	classes = {
	};
	objectVersion = 46;
	objects = {

/* Begin PBXBuildFile section */
		42003EA528ABE9ED00D94AA7 /* PipelineLayout.cpp in Sources */ = {isa = PBXBuildFile; fileRef = 42003E3B28ABE9ED00D94AA7 /* PipelineLayout.cpp */; };
		42003EA628ABE9ED00D94AA7 /* PipelineLayout.cpp in Sources */ = {isa = PBXBuildFile; fileRef = 42003E3B28ABE9ED00D94AA7 /* PipelineLayout.cpp */; };
		42003EA728ABE9ED00D94AA7 /* GraphicsPipeline.cpp in Sources */ = {isa = PBXBuildFile; fileRef = 42003E3C28ABE9ED00D94AA7 /* GraphicsPipeline.cpp */; };
		42003EA828ABE9ED00D94AA7 /* GraphicsPipeline.cpp in Sources */ = {isa = PBXBuildFile; fileRef = 42003E3C28ABE9ED00D94AA7 /* GraphicsPipeline.cpp */; };
		42003EA928ABE9ED00D94AA7 /* Context.cpp in Sources */ = {isa = PBXBuildFile; fileRef = 42003E4028ABE9ED00D94AA7 /* Context.cpp */; };
		42003EAA28ABE9ED00D94AA7 /* Context.cpp in Sources */ = {isa = PBXBuildFile; fileRef = 42003E4028ABE9ED00D94AA7 /* Context.cpp */; };
		42003EAB28ABE9ED00D94AA7 /* Framebuffer.cpp in Sources */ = {isa = PBXBuildFile; fileRef = 42003E4228ABE9ED00D94AA7 /* Framebuffer.cpp */; };
		42003EAC28ABE9ED00D94AA7 /* Framebuffer.cpp in Sources */ = {isa = PBXBuildFile; fileRef = 42003E4228ABE9ED00D94AA7 /* Framebuffer.cpp */; };
		42003EAD28ABE9ED00D94AA7 /* RenderPass.cpp in Sources */ = {isa = PBXBuildFile; fileRef = 42003E4528ABE9ED00D94AA7 /* RenderPass.cpp */; };
		42003EAE28ABE9ED00D94AA7 /* RenderPass.cpp in Sources */ = {isa = PBXBuildFile; fileRef = 42003E4528ABE9ED00D94AA7 /* RenderPass.cpp */; };
		42003EAF28ABE9ED00D94AA7 /* Texture.cpp in Sources */ = {isa = PBXBuildFile; fileRef = 42003E4628ABE9ED00D94AA7 /* Texture.cpp */; };
		42003EB028ABE9ED00D94AA7 /* Texture.cpp in Sources */ = {isa = PBXBuildFile; fileRef = 42003E4628ABE9ED00D94AA7 /* Texture.cpp */; };
		42003EB128ABE9ED00D94AA7 /* DescriptorPool.cpp in Sources */ = {isa = PBXBuildFile; fileRef = 42003E4728ABE9ED00D94AA7 /* DescriptorPool.cpp */; };
		42003EB228ABE9ED00D94AA7 /* DescriptorPool.cpp in Sources */ = {isa = PBXBuildFile; fileRef = 42003E4728ABE9ED00D94AA7 /* DescriptorPool.cpp */; };
		42003EB328ABE9ED00D94AA7 /* Device.cpp in Sources */ = {isa = PBXBuildFile; fileRef = 42003E4928ABE9ED00D94AA7 /* Device.cpp */; };
		42003EB428ABE9ED00D94AA7 /* Device.cpp in Sources */ = {isa = PBXBuildFile; fileRef = 42003E4928ABE9ED00D94AA7 /* Device.cpp */; };
		42003EB528ABE9ED00D94AA7 /* DescriptorSetLayout.cpp in Sources */ = {isa = PBXBuildFile; fileRef = 42003E4A28ABE9ED00D94AA7 /* DescriptorSetLayout.cpp */; };
		42003EB628ABE9ED00D94AA7 /* DescriptorSetLayout.cpp in Sources */ = {isa = PBXBuildFile; fileRef = 42003E4A28ABE9ED00D94AA7 /* DescriptorSetLayout.cpp */; };
		42003EB728ABE9ED00D94AA7 /* Sampler.cpp in Sources */ = {isa = PBXBuildFile; fileRef = 42003E4B28ABE9ED00D94AA7 /* Sampler.cpp */; };
		42003EB828ABE9ED00D94AA7 /* Sampler.cpp in Sources */ = {isa = PBXBuildFile; fileRef = 42003E4B28ABE9ED00D94AA7 /* Sampler.cpp */; };
		42003EB928ABE9ED00D94AA7 /* DescriptorSet.cpp in Sources */ = {isa = PBXBuildFile; fileRef = 42003E4D28ABE9ED00D94AA7 /* DescriptorSet.cpp */; };
		42003EBA28ABE9ED00D94AA7 /* DescriptorSet.cpp in Sources */ = {isa = PBXBuildFile; fileRef = 42003E4D28ABE9ED00D94AA7 /* DescriptorSet.cpp */; };
		42003EBB28ABE9ED00D94AA7 /* Buffer.cpp in Sources */ = {isa = PBXBuildFile; fileRef = 42003E4E28ABE9ED00D94AA7 /* Buffer.cpp */; };
		42003EBC28ABE9ED00D94AA7 /* Buffer.cpp in Sources */ = {isa = PBXBuildFile; fileRef = 42003E4E28ABE9ED00D94AA7 /* Buffer.cpp */; };
		42003EBD28ABE9ED00D94AA7 /* Swapchain.cpp in Sources */ = {isa = PBXBuildFile; fileRef = 42003E4F28ABE9ED00D94AA7 /* Swapchain.cpp */; };
		42003EBE28ABE9ED00D94AA7 /* Swapchain.cpp in Sources */ = {isa = PBXBuildFile; fileRef = 42003E4F28ABE9ED00D94AA7 /* Swapchain.cpp */; };
		42003EBF28ABE9ED00D94AA7 /* ShaderStage.cpp in Sources */ = {isa = PBXBuildFile; fileRef = 42003E5128ABE9ED00D94AA7 /* ShaderStage.cpp */; };
		42003EC028ABE9ED00D94AA7 /* ShaderStage.cpp in Sources */ = {isa = PBXBuildFile; fileRef = 42003E5128ABE9ED00D94AA7 /* ShaderStage.cpp */; };
		42003EC128ABE9ED00D94AA7 /* VKDevice.cpp in Sources */ = {isa = PBXBuildFile; fileRef = 42003E5628ABE9ED00D94AA7 /* VKDevice.cpp */; };
		42003EC228ABE9ED00D94AA7 /* VKDevice.cpp in Sources */ = {isa = PBXBuildFile; fileRef = 42003E5628ABE9ED00D94AA7 /* VKDevice.cpp */; };
		42003EC328ABE9ED00D94AA7 /* VKCommandBuffer.cpp in Sources */ = {isa = PBXBuildFile; fileRef = 42003E5828ABE9ED00D94AA7 /* VKCommandBuffer.cpp */; };
		42003EC428ABE9ED00D94AA7 /* VKCommandBuffer.cpp in Sources */ = {isa = PBXBuildFile; fileRef = 42003E5828ABE9ED00D94AA7 /* VKCommandBuffer.cpp */; };
		42003EC528ABE9ED00D94AA7 /* VKVertexInput.cpp in Sources */ = {isa = PBXBuildFile; fileRef = 42003E5A28ABE9ED00D94AA7 /* VKVertexInput.cpp */; };
		42003EC628ABE9ED00D94AA7 /* VKVertexInput.cpp in Sources */ = {isa = PBXBuildFile; fileRef = 42003E5A28ABE9ED00D94AA7 /* VKVertexInput.cpp */; };
		42003EC728ABE9ED00D94AA7 /* VKBuffer.cpp in Sources */ = {isa = PBXBuildFile; fileRef = 42003E5C28ABE9ED00D94AA7 /* VKBuffer.cpp */; };
		42003EC828ABE9ED00D94AA7 /* VKBuffer.cpp in Sources */ = {isa = PBXBuildFile; fileRef = 42003E5C28ABE9ED00D94AA7 /* VKBuffer.cpp */; };
		42003EC928ABE9ED00D94AA7 /* VKDescriptorSetLayout.cpp in Sources */ = {isa = PBXBuildFile; fileRef = 42003E5E28ABE9ED00D94AA7 /* VKDescriptorSetLayout.cpp */; };
		42003ECA28ABE9ED00D94AA7 /* VKDescriptorSetLayout.cpp in Sources */ = {isa = PBXBuildFile; fileRef = 42003E5E28ABE9ED00D94AA7 /* VKDescriptorSetLayout.cpp */; };
		42003ECB28ABE9ED00D94AA7 /* VKSurface.cpp in Sources */ = {isa = PBXBuildFile; fileRef = 42003E5F28ABE9ED00D94AA7 /* VKSurface.cpp */; };
		42003ECC28ABE9ED00D94AA7 /* VKSurface.cpp in Sources */ = {isa = PBXBuildFile; fileRef = 42003E5F28ABE9ED00D94AA7 /* VKSurface.cpp */; };
		42003ECD28ABE9ED00D94AA7 /* VKPipelineLayout.cpp in Sources */ = {isa = PBXBuildFile; fileRef = 42003E6028ABE9ED00D94AA7 /* VKPipelineLayout.cpp */; };
		42003ECE28ABE9ED00D94AA7 /* VKPipelineLayout.cpp in Sources */ = {isa = PBXBuildFile; fileRef = 42003E6028ABE9ED00D94AA7 /* VKPipelineLayout.cpp */; };
		42003ECF28ABE9ED00D94AA7 /* VKTools.cpp in Sources */ = {isa = PBXBuildFile; fileRef = 42003E6628ABE9ED00D94AA7 /* VKTools.cpp */; };
		42003ED028ABE9ED00D94AA7 /* VKTools.cpp in Sources */ = {isa = PBXBuildFile; fileRef = 42003E6628ABE9ED00D94AA7 /* VKTools.cpp */; };
		42003ED128ABE9ED00D94AA7 /* VKDebug.cpp in Sources */ = {isa = PBXBuildFile; fileRef = 42003E6728ABE9ED00D94AA7 /* VKDebug.cpp */; };
		42003ED228ABE9ED00D94AA7 /* VKDebug.cpp in Sources */ = {isa = PBXBuildFile; fileRef = 42003E6728ABE9ED00D94AA7 /* VKDebug.cpp */; };
		42003ED328ABE9ED00D94AA7 /* VKShaderStage.cpp in Sources */ = {isa = PBXBuildFile; fileRef = 42003E6828ABE9ED00D94AA7 /* VKShaderStage.cpp */; };
		42003ED428ABE9ED00D94AA7 /* VKShaderStage.cpp in Sources */ = {isa = PBXBuildFile; fileRef = 42003E6828ABE9ED00D94AA7 /* VKShaderStage.cpp */; };
		42003ED528ABE9ED00D94AA7 /* VKAndroid.cpp in Sources */ = {isa = PBXBuildFile; fileRef = 42003E6A28ABE9ED00D94AA7 /* VKAndroid.cpp */; };
		42003ED628ABE9ED00D94AA7 /* VKAndroid.cpp in Sources */ = {isa = PBXBuildFile; fileRef = 42003E6A28ABE9ED00D94AA7 /* VKAndroid.cpp */; };
		42003ED728ABE9ED00D94AA7 /* VKGraphicsPipeline.cpp in Sources */ = {isa = PBXBuildFile; fileRef = 42003E6B28ABE9ED00D94AA7 /* VKGraphicsPipeline.cpp */; };
		42003ED828ABE9ED00D94AA7 /* VKGraphicsPipeline.cpp in Sources */ = {isa = PBXBuildFile; fileRef = 42003E6B28ABE9ED00D94AA7 /* VKGraphicsPipeline.cpp */; };
		42003ED928ABE9ED00D94AA7 /* VKDescriptorPool.cpp in Sources */ = {isa = PBXBuildFile; fileRef = 42003E6D28ABE9ED00D94AA7 /* VKDescriptorPool.cpp */; };
		42003EDA28ABE9ED00D94AA7 /* VKDescriptorPool.cpp in Sources */ = {isa = PBXBuildFile; fileRef = 42003E6D28ABE9ED00D94AA7 /* VKDescriptorPool.cpp */; };
		42003EDB28ABE9ED00D94AA7 /* VKFramebuffer.cpp in Sources */ = {isa = PBXBuildFile; fileRef = 42003E6E28ABE9ED00D94AA7 /* VKFramebuffer.cpp */; };
		42003EDC28ABE9ED00D94AA7 /* VKFramebuffer.cpp in Sources */ = {isa = PBXBuildFile; fileRef = 42003E6E28ABE9ED00D94AA7 /* VKFramebuffer.cpp */; };
		42003EDD28ABE9ED00D94AA7 /* VKTexture.cpp in Sources */ = {isa = PBXBuildFile; fileRef = 42003E6F28ABE9ED00D94AA7 /* VKTexture.cpp */; };
		42003EDE28ABE9ED00D94AA7 /* VKTexture.cpp in Sources */ = {isa = PBXBuildFile; fileRef = 42003E6F28ABE9ED00D94AA7 /* VKTexture.cpp */; };
		42003EDF28ABE9ED00D94AA7 /* VKSampler.cpp in Sources */ = {isa = PBXBuildFile; fileRef = 42003E7128ABE9ED00D94AA7 /* VKSampler.cpp */; };
		42003EE028ABE9ED00D94AA7 /* VKSampler.cpp in Sources */ = {isa = PBXBuildFile; fileRef = 42003E7128ABE9ED00D94AA7 /* VKSampler.cpp */; };
		42003EE128ABE9ED00D94AA7 /* VKDescriptorSet.cpp in Sources */ = {isa = PBXBuildFile; fileRef = 42003E7328ABE9ED00D94AA7 /* VKDescriptorSet.cpp */; };
		42003EE228ABE9ED00D94AA7 /* VKDescriptorSet.cpp in Sources */ = {isa = PBXBuildFile; fileRef = 42003E7328ABE9ED00D94AA7 /* VKDescriptorSet.cpp */; };
		42003EE328ABE9ED00D94AA7 /* VKRenderPass.cpp in Sources */ = {isa = PBXBuildFile; fileRef = 42003E7528ABE9ED00D94AA7 /* VKRenderPass.cpp */; };
		42003EE428ABE9ED00D94AA7 /* VKRenderPass.cpp in Sources */ = {isa = PBXBuildFile; fileRef = 42003E7528ABE9ED00D94AA7 /* VKRenderPass.cpp */; };
		42003EE528ABE9ED00D94AA7 /* VKSwapchain.cpp in Sources */ = {isa = PBXBuildFile; fileRef = 42003E7628ABE9ED00D94AA7 /* VKSwapchain.cpp */; };
		42003EE628ABE9ED00D94AA7 /* VKSwapchain.cpp in Sources */ = {isa = PBXBuildFile; fileRef = 42003E7628ABE9ED00D94AA7 /* VKSwapchain.cpp */; };
		42003EE728ABE9ED00D94AA7 /* VKContext.cpp in Sources */ = {isa = PBXBuildFile; fileRef = 42003E7828ABE9ED00D94AA7 /* VKContext.cpp */; };
		42003EE828ABE9ED00D94AA7 /* VKContext.cpp in Sources */ = {isa = PBXBuildFile; fileRef = 42003E7828ABE9ED00D94AA7 /* VKContext.cpp */; };
		42003EE928ABE9ED00D94AA7 /* Surface.cpp in Sources */ = {isa = PBXBuildFile; fileRef = 42003E8128ABE9ED00D94AA7 /* Surface.cpp */; };
		42003EEA28ABE9ED00D94AA7 /* Surface.cpp in Sources */ = {isa = PBXBuildFile; fileRef = 42003E8128ABE9ED00D94AA7 /* Surface.cpp */; };
		42003EEB28ABE9ED00D94AA7 /* VertexInput.cpp in Sources */ = {isa = PBXBuildFile; fileRef = 42003E8228ABE9ED00D94AA7 /* VertexInput.cpp */; };
		42003EEC28ABE9ED00D94AA7 /* VertexInput.cpp in Sources */ = {isa = PBXBuildFile; fileRef = 42003E8228ABE9ED00D94AA7 /* VertexInput.cpp */; };
		42003EED28ABE9ED00D94AA7 /* GFXObject.cpp in Sources */ = {isa = PBXBuildFile; fileRef = 42003E8328ABE9ED00D94AA7 /* GFXObject.cpp */; };
		42003EEE28ABE9ED00D94AA7 /* GFXObject.cpp in Sources */ = {isa = PBXBuildFile; fileRef = 42003E8328ABE9ED00D94AA7 /* GFXObject.cpp */; };
		42003EEF28ABE9EE00D94AA7 /* CommandBuffer.cpp in Sources */ = {isa = PBXBuildFile; fileRef = 42003E8428ABE9ED00D94AA7 /* CommandBuffer.cpp */; };
		42003EF028ABE9EE00D94AA7 /* CommandBuffer.cpp in Sources */ = {isa = PBXBuildFile; fileRef = 42003E8428ABE9ED00D94AA7 /* CommandBuffer.cpp */; };
		42003EF128ABE9EE00D94AA7 /* Utils.cpp in Sources */ = {isa = PBXBuildFile; fileRef = 42003E8A28ABE9ED00D94AA7 /* Utils.cpp */; };
		42003EF228ABE9EE00D94AA7 /* Utils.cpp in Sources */ = {isa = PBXBuildFile; fileRef = 42003E8A28ABE9ED00D94AA7 /* Utils.cpp */; };
		42003EF328ABE9EE00D94AA7 /* FileUtils.cpp in Sources */ = {isa = PBXBuildFile; fileRef = 42003E8C28ABE9ED00D94AA7 /* FileUtils.cpp */; };
		42003EF428ABE9EE00D94AA7 /* FileUtils.cpp in Sources */ = {isa = PBXBuildFile; fileRef = 42003E8C28ABE9ED00D94AA7 /* FileUtils.cpp */; };
		42003EF528ABE9EE00D94AA7 /* EventSystem.cpp in Sources */ = {isa = PBXBuildFile; fileRef = 42003E8D28ABE9ED00D94AA7 /* EventSystem.cpp */; };
		42003EF628ABE9EE00D94AA7 /* EventSystem.cpp in Sources */ = {isa = PBXBuildFile; fileRef = 42003E8D28ABE9ED00D94AA7 /* EventSystem.cpp */; };
		42003EF728ABE9EE00D94AA7 /* EagleRenderer.cpp in Sources */ = {isa = PBXBuildFile; fileRef = 42003E8F28ABE9ED00D94AA7 /* EagleRenderer.cpp */; };
		42003EF828ABE9EE00D94AA7 /* EagleRenderer.cpp in Sources */ = {isa = PBXBuildFile; fileRef = 42003E8F28ABE9ED00D94AA7 /* EagleRenderer.cpp */; };
		42003EF928ABE9EE00D94AA7 /* EagleApplication.cpp in Sources */ = {isa = PBXBuildFile; fileRef = 42003E9028ABE9ED00D94AA7 /* EagleApplication.cpp */; };
		42003EFA28ABE9EE00D94AA7 /* EagleApplication.cpp in Sources */ = {isa = PBXBuildFile; fileRef = 42003E9028ABE9ED00D94AA7 /* EagleApplication.cpp */; };
		42003EFB28ABE9EE00D94AA7 /* CMakeLists.txt in Resources */ = {isa = PBXBuildFile; fileRef = 42003E9128ABE9ED00D94AA7 /* CMakeLists.txt */; };
		42003EFC28ABE9EE00D94AA7 /* CMakeLists.txt in Resources */ = {isa = PBXBuildFile; fileRef = 42003E9128ABE9ED00D94AA7 /* CMakeLists.txt */; };
		42003EFD28ABE9EE00D94AA7 /* RenderPipeline.cpp in Sources */ = {isa = PBXBuildFile; fileRef = 42003E9328ABE9ED00D94AA7 /* RenderPipeline.cpp */; };
		42003EFE28ABE9EE00D94AA7 /* RenderPipeline.cpp in Sources */ = {isa = PBXBuildFile; fileRef = 42003E9328ABE9ED00D94AA7 /* RenderPipeline.cpp */; };
		42003EFF28ABE9EE00D94AA7 /* GraphContext.cpp in Sources */ = {isa = PBXBuildFile; fileRef = 42003E9728ABE9ED00D94AA7 /* GraphContext.cpp */; };
		42003F0028ABE9EE00D94AA7 /* GraphContext.cpp in Sources */ = {isa = PBXBuildFile; fileRef = 42003E9728ABE9ED00D94AA7 /* GraphContext.cpp */; };
		42003F0128ABE9EE00D94AA7 /* RenderGraph.cpp in Sources */ = {isa = PBXBuildFile; fileRef = 42003E9828ABE9ED00D94AA7 /* RenderGraph.cpp */; };
		42003F0228ABE9EE00D94AA7 /* RenderGraph.cpp in Sources */ = {isa = PBXBuildFile; fileRef = 42003E9828ABE9ED00D94AA7 /* RenderGraph.cpp */; };
		42003F0328ABE9EE00D94AA7 /* GraphPass.cpp in Sources */ = {isa = PBXBuildFile; fileRef = 42003E9928ABE9ED00D94AA7 /* GraphPass.cpp */; };
		42003F0428ABE9EE00D94AA7 /* GraphPass.cpp in Sources */ = {isa = PBXBuildFile; fileRef = 42003E9928ABE9ED00D94AA7 /* GraphPass.cpp */; };
		42003F0528ABE9EE00D94AA7 /* RenderResource.cpp in Sources */ = {isa = PBXBuildFile; fileRef = 42003E9B28ABE9ED00D94AA7 /* RenderResource.cpp */; };
		42003F0628ABE9EE00D94AA7 /* RenderResource.cpp in Sources */ = {isa = PBXBuildFile; fileRef = 42003E9B28ABE9ED00D94AA7 /* RenderResource.cpp */; };
		42003F0728ABE9EE00D94AA7 /* GraphCompiler.cpp in Sources */ = {isa = PBXBuildFile; fileRef = 42003E9E28ABE9ED00D94AA7 /* GraphCompiler.cpp */; };
		42003F0828ABE9EE00D94AA7 /* GraphCompiler.cpp in Sources */ = {isa = PBXBuildFile; fileRef = 42003E9E28ABE9ED00D94AA7 /* GraphCompiler.cpp */; };
		42003F0928ABE9EE00D94AA7 /* GraphExcutor.cpp in Sources */ = {isa = PBXBuildFile; fileRef = 42003EA028ABE9ED00D94AA7 /* GraphExcutor.cpp */; };
		42003F0A28ABE9EE00D94AA7 /* GraphExcutor.cpp in Sources */ = {isa = PBXBuildFile; fileRef = 42003EA028ABE9ED00D94AA7 /* GraphExcutor.cpp */; };
		42003F0B28ABE9EE00D94AA7 /* RenderVisitor.cpp in Sources */ = {isa = PBXBuildFile; fileRef = 42003EA128ABE9ED00D94AA7 /* RenderVisitor.cpp */; };
		42003F0C28ABE9EE00D94AA7 /* RenderVisitor.cpp in Sources */ = {isa = PBXBuildFile; fileRef = 42003EA128ABE9ED00D94AA7 /* RenderVisitor.cpp */; };
		42003F6228AE9B3600D94AA7 /* Tools.cpp in Sources */ = {isa = PBXBuildFile; fileRef = 42003F6128AE9B3600D94AA7 /* Tools.cpp */; };
		42003F6328AE9B3600D94AA7 /* Tools.cpp in Sources */ = {isa = PBXBuildFile; fileRef = 42003F6128AE9B3600D94AA7 /* Tools.cpp */; };
		42003F6528AF782200D94AA7 /* Images.xcassets in Resources */ = {isa = PBXBuildFile; fileRef = 42003F6428AF782200D94AA7 /* Images.xcassets */; };
		A9532B761EF99894000A09E2 /* libMoltenVK.dylib in CopyFiles */ = {isa = PBXBuildFile; fileRef = A9532B751EF99894000A09E2 /* libMoltenVK.dylib */; settings = {ATTRIBUTES = (CodeSignOnCopy, ); }; };
		A9532B771EF9991A000A09E2 /* libMoltenVK.dylib in Frameworks */ = {isa = PBXBuildFile; fileRef = A9532B751EF99894000A09E2 /* libMoltenVK.dylib */; };
		A9532B781EF99937000A09E2 /* libMoltenVK.dylib in Frameworks */ = {isa = PBXBuildFile; fileRef = A9581BAB1EEB64EC00247309 /* libMoltenVK.dylib */; };
		A9581BA81EEB648C00247309 /* (null) in Frameworks */ = {isa = PBXBuildFile; };
		A9581BAC1EEB64EC00247309 /* libMoltenVK.dylib in CopyFiles */ = {isa = PBXBuildFile; fileRef = A9581BAB1EEB64EC00247309 /* libMoltenVK.dylib */; settings = {ATTRIBUTES = (CodeSignOnCopy, ); }; };
		A98703D91E9D382A0066959C /* data in Resources */ = {isa = PBXBuildFile; fileRef = A98703D81E9D382A0066959C /* data */; };
		A98703DA1E9D382A0066959C /* data in Resources */ = {isa = PBXBuildFile; fileRef = A98703D81E9D382A0066959C /* data */; };
		A9B67B781C3AAE9800373FFD /* AppDelegate.m in Sources */ = {isa = PBXBuildFile; fileRef = A9B67B6C1C3AAE9800373FFD /* AppDelegate.m */; };
		A9B67B7A1C3AAE9800373FFD /* DemoViewController.mm in Sources */ = {isa = PBXBuildFile; fileRef = A9B67B6F1C3AAE9800373FFD /* DemoViewController.mm */; };
		A9B67B7C1C3AAE9800373FFD /* main.m in Sources */ = {isa = PBXBuildFile; fileRef = A9B67B711C3AAE9800373FFD /* main.m */; };
		A9B67B7D1C3AAE9800373FFD /* Default-568h@2x.png in Resources */ = {isa = PBXBuildFile; fileRef = A9B67B741C3AAE9800373FFD /* Default-568h@2x.png */; };
		A9B67B7E1C3AAE9800373FFD /* Default~ipad.png in Resources */ = {isa = PBXBuildFile; fileRef = A9B67B751C3AAE9800373FFD /* Default~ipad.png */; };
		A9B67B7F1C3AAE9800373FFD /* Icon.png in Resources */ = {isa = PBXBuildFile; fileRef = A9B67B761C3AAE9800373FFD /* Icon.png */; };
		A9B67B801C3AAE9800373FFD /* Main.storyboard in Resources */ = {isa = PBXBuildFile; fileRef = A9B67B771C3AAE9800373FFD /* Main.storyboard */; };
		A9B67B8C1C3AAEA200373FFD /* AppDelegate.m in Sources */ = {isa = PBXBuildFile; fileRef = A9B67B831C3AAEA200373FFD /* AppDelegate.m */; };
		A9B67B8D1C3AAEA200373FFD /* DemoViewController.mm in Sources */ = {isa = PBXBuildFile; fileRef = A9B67B851C3AAEA200373FFD /* DemoViewController.mm */; };
		A9B67B8F1C3AAEA200373FFD /* main.m in Sources */ = {isa = PBXBuildFile; fileRef = A9B67B871C3AAEA200373FFD /* main.m */; };
		A9B67B901C3AAEA200373FFD /* Main.storyboard in Resources */ = {isa = PBXBuildFile; fileRef = A9B67B8A1C3AAEA200373FFD /* Main.storyboard */; };
		A9B67B911C3AAEA200373FFD /* macOS.xcassets in Resources */ = {isa = PBXBuildFile; fileRef = A9B67B8B1C3AAEA200373FFD /* macOS.xcassets */; };
		A9BC9B1C1EE8421F00384233 /* EagleExample.cpp in Sources */ = {isa = PBXBuildFile; fileRef = A9BC9B1A1EE8421F00384233 /* EagleExample.cpp */; };
		A9BC9B1D1EE8421F00384233 /* EagleExample.cpp in Sources */ = {isa = PBXBuildFile; fileRef = A9BC9B1A1EE8421F00384233 /* EagleExample.cpp */; };
		AA54A6B826E52CE300485C4A /* memstream.c in Sources */ = {isa = PBXBuildFile; fileRef = AA54A1DD26E52CE100485C4A /* memstream.c */; };
		AA54A6B926E52CE300485C4A /* memstream.c in Sources */ = {isa = PBXBuildFile; fileRef = AA54A1DD26E52CE100485C4A /* memstream.c */; };
		AA54A6BA26E52CE300485C4A /* vk_funclist.inl in Resources */ = {isa = PBXBuildFile; fileRef = AA54A1DE26E52CE100485C4A /* vk_funclist.inl */; };
		AA54A6BB26E52CE300485C4A /* vk_funclist.inl in Resources */ = {isa = PBXBuildFile; fileRef = AA54A1DE26E52CE100485C4A /* vk_funclist.inl */; };
		AA54A6BC26E52CE300485C4A /* etcdec.cxx in Sources */ = {isa = PBXBuildFile; fileRef = AA54A1E026E52CE100485C4A /* etcdec.cxx */; };
		AA54A6BD26E52CE300485C4A /* etcdec.cxx in Sources */ = {isa = PBXBuildFile; fileRef = AA54A1E026E52CE100485C4A /* etcdec.cxx */; };
		AA54A6BE26E52CE300485C4A /* checkheader.c in Sources */ = {isa = PBXBuildFile; fileRef = AA54A1E126E52CE100485C4A /* checkheader.c */; };
		AA54A6BF26E52CE300485C4A /* checkheader.c in Sources */ = {isa = PBXBuildFile; fileRef = AA54A1E126E52CE100485C4A /* checkheader.c */; };
		AA54A6C026E52CE300485C4A /* errstr.c in Sources */ = {isa = PBXBuildFile; fileRef = AA54A1E226E52CE100485C4A /* errstr.c */; };
		AA54A6C126E52CE300485C4A /* errstr.c in Sources */ = {isa = PBXBuildFile; fileRef = AA54A1E226E52CE100485C4A /* errstr.c */; };
		AA54A6C226E52CE300485C4A /* writer.c in Sources */ = {isa = PBXBuildFile; fileRef = AA54A1E326E52CE100485C4A /* writer.c */; };
		AA54A6C326E52CE300485C4A /* writer.c in Sources */ = {isa = PBXBuildFile; fileRef = AA54A1E326E52CE100485C4A /* writer.c */; };
		AA54A6C426E52CE300485C4A /* filestream.c in Sources */ = {isa = PBXBuildFile; fileRef = AA54A1E426E52CE100485C4A /* filestream.c */; };
		AA54A6C526E52CE300485C4A /* filestream.c in Sources */ = {isa = PBXBuildFile; fileRef = AA54A1E426E52CE100485C4A /* filestream.c */; };
		AA54A6C626E52CE300485C4A /* mainpage.md in Resources */ = {isa = PBXBuildFile; fileRef = AA54A1E626E52CE100485C4A /* mainpage.md */; };
		AA54A6C726E52CE300485C4A /* mainpage.md in Resources */ = {isa = PBXBuildFile; fileRef = AA54A1E626E52CE100485C4A /* mainpage.md */; };
		AA54A6CA26E52CE300485C4A /* texture.c in Sources */ = {isa = PBXBuildFile; fileRef = AA54A1EA26E52CE100485C4A /* texture.c */; };
		AA54A6CB26E52CE300485C4A /* texture.c in Sources */ = {isa = PBXBuildFile; fileRef = AA54A1EA26E52CE100485C4A /* texture.c */; };
		AA54A6CC26E52CE300485C4A /* hashlist.c in Sources */ = {isa = PBXBuildFile; fileRef = AA54A1ED26E52CE100485C4A /* hashlist.c */; };
		AA54A6CD26E52CE400485C4A /* hashlist.c in Sources */ = {isa = PBXBuildFile; fileRef = AA54A1ED26E52CE100485C4A /* hashlist.c */; };
		AA54A6CE26E52CE400485C4A /* vk_funcs.c in Sources */ = {isa = PBXBuildFile; fileRef = AA54A1EE26E52CE100485C4A /* vk_funcs.c */; };
		AA54A6CF26E52CE400485C4A /* vk_funcs.c in Sources */ = {isa = PBXBuildFile; fileRef = AA54A1EE26E52CE100485C4A /* vk_funcs.c */; };
		AA54A6D226E52CE400485C4A /* hashtable.c in Sources */ = {isa = PBXBuildFile; fileRef = AA54A1F626E52CE100485C4A /* hashtable.c */; };
		AA54A6D326E52CE400485C4A /* hashtable.c in Sources */ = {isa = PBXBuildFile; fileRef = AA54A1F626E52CE100485C4A /* hashtable.c */; };
		AA54A6D826E52CE400485C4A /* swap.c in Sources */ = {isa = PBXBuildFile; fileRef = AA54A1F926E52CE100485C4A /* swap.c */; };
		AA54A6D926E52CE400485C4A /* swap.c in Sources */ = {isa = PBXBuildFile; fileRef = AA54A1F926E52CE100485C4A /* swap.c */; };
		AA54A6DE26E52CE400485C4A /* imgui_widgets.cpp in Sources */ = {isa = PBXBuildFile; fileRef = AA54A20426E52CE100485C4A /* imgui_widgets.cpp */; };
		AA54A6DF26E52CE400485C4A /* imgui_widgets.cpp in Sources */ = {isa = PBXBuildFile; fileRef = AA54A20426E52CE100485C4A /* imgui_widgets.cpp */; };
		AA54A6E026E52CE400485C4A /* imgui.cpp in Sources */ = {isa = PBXBuildFile; fileRef = AA54A20626E52CE100485C4A /* imgui.cpp */; };
		AA54A6E126E52CE400485C4A /* imgui.cpp in Sources */ = {isa = PBXBuildFile; fileRef = AA54A20626E52CE100485C4A /* imgui.cpp */; };
		AA54A6E226E52CE400485C4A /* LICENSE.txt in Resources */ = {isa = PBXBuildFile; fileRef = AA54A20926E52CE100485C4A /* LICENSE.txt */; };
		AA54A6E326E52CE400485C4A /* LICENSE.txt in Resources */ = {isa = PBXBuildFile; fileRef = AA54A20926E52CE100485C4A /* LICENSE.txt */; };
		AA54A6E426E52CE400485C4A /* imgui_demo.cpp in Sources */ = {isa = PBXBuildFile; fileRef = AA54A20A26E52CE100485C4A /* imgui_demo.cpp */; };
		AA54A6E526E52CE400485C4A /* imgui_demo.cpp in Sources */ = {isa = PBXBuildFile; fileRef = AA54A20A26E52CE100485C4A /* imgui_demo.cpp */; };
		AA54A6E626E52CE400485C4A /* imgui_draw.cpp in Sources */ = {isa = PBXBuildFile; fileRef = AA54A20B26E52CE100485C4A /* imgui_draw.cpp */; };
		AA54A6E726E52CE400485C4A /* imgui_draw.cpp in Sources */ = {isa = PBXBuildFile; fileRef = AA54A20B26E52CE100485C4A /* imgui_draw.cpp */; };
/* End PBXBuildFile section */

/* Begin PBXCopyFilesBuildPhase section */
		A91227BB1E9D5E9D00108018 /* CopyFiles */ = {
			isa = PBXCopyFilesBuildPhase;
			buildActionMask = 2147483647;
			dstPath = "";
			dstSubfolderSpec = 6;
			files = (
				A9581BAC1EEB64EC00247309 /* libMoltenVK.dylib in CopyFiles */,
			);
			runOnlyForDeploymentPostprocessing = 0;
		};
		A9532B741EF9987C000A09E2 /* CopyFiles */ = {
			isa = PBXCopyFilesBuildPhase;
			buildActionMask = 2147483647;
			dstPath = "";
			dstSubfolderSpec = 6;
			files = (
				A9532B761EF99894000A09E2 /* libMoltenVK.dylib in CopyFiles */,
			);
			runOnlyForDeploymentPostprocessing = 0;
		};
/* End PBXCopyFilesBuildPhase section */

/* Begin PBXFileReference section */
		1D30AB110D05D00D00671497 /* Foundation.framework */ = {isa = PBXFileReference; lastKnownFileType = wrapper.framework; name = Foundation.framework; path = System/Library/Frameworks/Foundation.framework; sourceTree = SDKROOT; };
		1D3623EB0D0F72F000981E51 /* CoreGraphics.framework */ = {isa = PBXFileReference; lastKnownFileType = wrapper.framework; name = CoreGraphics.framework; path = System/Library/Frameworks/CoreGraphics.framework; sourceTree = SDKROOT; };
		1D6058910D05DD3D006BFB54 /* examples.app */ = {isa = PBXFileReference; explicitFileType = wrapper.application; includeInIndex = 0; path = examples.app; sourceTree = BUILT_PRODUCTS_DIR; };
		2D500B990D5A79CF00DBA0E3 /* QuartzCore.framework */ = {isa = PBXFileReference; lastKnownFileType = wrapper.framework; name = QuartzCore.framework; path = System/Library/Frameworks/QuartzCore.framework; sourceTree = SDKROOT; };
		42003E3628ABE9ED00D94AA7 /* VertexInput.h */ = {isa = PBXFileReference; fileEncoding = 4; lastKnownFileType = sourcecode.c.h; path = VertexInput.h; sourceTree = "<group>"; };
		42003E3728ABE9ED00D94AA7 /* RenderPass.h */ = {isa = PBXFileReference; fileEncoding = 4; lastKnownFileType = sourcecode.c.h; path = RenderPass.h; sourceTree = "<group>"; };
		42003E3828ABE9ED00D94AA7 /* ShaderStage.h */ = {isa = PBXFileReference; fileEncoding = 4; lastKnownFileType = sourcecode.c.h; path = ShaderStage.h; sourceTree = "<group>"; };
		42003E3928ABE9ED00D94AA7 /* Device.h */ = {isa = PBXFileReference; fileEncoding = 4; lastKnownFileType = sourcecode.c.h; path = Device.h; sourceTree = "<group>"; };
		42003E3A28ABE9ED00D94AA7 /* DescriptorPool.h */ = {isa = PBXFileReference; fileEncoding = 4; lastKnownFileType = sourcecode.c.h; path = DescriptorPool.h; sourceTree = "<group>"; };
		42003E3B28ABE9ED00D94AA7 /* PipelineLayout.cpp */ = {isa = PBXFileReference; fileEncoding = 4; lastKnownFileType = sourcecode.cpp.cpp; path = PipelineLayout.cpp; sourceTree = "<group>"; };
		42003E3C28ABE9ED00D94AA7 /* GraphicsPipeline.cpp */ = {isa = PBXFileReference; fileEncoding = 4; lastKnownFileType = sourcecode.cpp.cpp; path = GraphicsPipeline.cpp; sourceTree = "<group>"; };
		42003E3D28ABE9ED00D94AA7 /* Sampler.h */ = {isa = PBXFileReference; fileEncoding = 4; lastKnownFileType = sourcecode.c.h; path = Sampler.h; sourceTree = "<group>"; };
		42003E3E28ABE9ED00D94AA7 /* Surface.h */ = {isa = PBXFileReference; fileEncoding = 4; lastKnownFileType = sourcecode.c.h; path = Surface.h; sourceTree = "<group>"; };
		42003E3F28ABE9ED00D94AA7 /* PipelineLayout.h */ = {isa = PBXFileReference; fileEncoding = 4; lastKnownFileType = sourcecode.c.h; path = PipelineLayout.h; sourceTree = "<group>"; };
		42003E4028ABE9ED00D94AA7 /* Context.cpp */ = {isa = PBXFileReference; fileEncoding = 4; lastKnownFileType = sourcecode.cpp.cpp; path = Context.cpp; sourceTree = "<group>"; };
		42003E4128ABE9ED00D94AA7 /* GraphicsDef.h */ = {isa = PBXFileReference; fileEncoding = 4; lastKnownFileType = sourcecode.c.h; path = GraphicsDef.h; sourceTree = "<group>"; };
		42003E4228ABE9ED00D94AA7 /* Framebuffer.cpp */ = {isa = PBXFileReference; fileEncoding = 4; lastKnownFileType = sourcecode.cpp.cpp; path = Framebuffer.cpp; sourceTree = "<group>"; };
		42003E4328ABE9ED00D94AA7 /* Context.h */ = {isa = PBXFileReference; fileEncoding = 4; lastKnownFileType = sourcecode.c.h; path = Context.h; sourceTree = "<group>"; };
		42003E4428ABE9ED00D94AA7 /* Swapchain.h */ = {isa = PBXFileReference; fileEncoding = 4; lastKnownFileType = sourcecode.c.h; path = Swapchain.h; sourceTree = "<group>"; };
		42003E4528ABE9ED00D94AA7 /* RenderPass.cpp */ = {isa = PBXFileReference; fileEncoding = 4; lastKnownFileType = sourcecode.cpp.cpp; path = RenderPass.cpp; sourceTree = "<group>"; };
		42003E4628ABE9ED00D94AA7 /* Texture.cpp */ = {isa = PBXFileReference; fileEncoding = 4; lastKnownFileType = sourcecode.cpp.cpp; path = Texture.cpp; sourceTree = "<group>"; };
		42003E4728ABE9ED00D94AA7 /* DescriptorPool.cpp */ = {isa = PBXFileReference; fileEncoding = 4; lastKnownFileType = sourcecode.cpp.cpp; path = DescriptorPool.cpp; sourceTree = "<group>"; };
		42003E4828ABE9ED00D94AA7 /* Framebuffer.h */ = {isa = PBXFileReference; fileEncoding = 4; lastKnownFileType = sourcecode.c.h; path = Framebuffer.h; sourceTree = "<group>"; };
		42003E4928ABE9ED00D94AA7 /* Device.cpp */ = {isa = PBXFileReference; fileEncoding = 4; lastKnownFileType = sourcecode.cpp.cpp; path = Device.cpp; sourceTree = "<group>"; };
		42003E4A28ABE9ED00D94AA7 /* DescriptorSetLayout.cpp */ = {isa = PBXFileReference; fileEncoding = 4; lastKnownFileType = sourcecode.cpp.cpp; path = DescriptorSetLayout.cpp; sourceTree = "<group>"; };
		42003E4B28ABE9ED00D94AA7 /* Sampler.cpp */ = {isa = PBXFileReference; fileEncoding = 4; lastKnownFileType = sourcecode.cpp.cpp; path = Sampler.cpp; sourceTree = "<group>"; };
		42003E4C28ABE9ED00D94AA7 /* CommandBuffer.h */ = {isa = PBXFileReference; fileEncoding = 4; lastKnownFileType = sourcecode.c.h; path = CommandBuffer.h; sourceTree = "<group>"; };
		42003E4D28ABE9ED00D94AA7 /* DescriptorSet.cpp */ = {isa = PBXFileReference; fileEncoding = 4; lastKnownFileType = sourcecode.cpp.cpp; path = DescriptorSet.cpp; sourceTree = "<group>"; };
		42003E4E28ABE9ED00D94AA7 /* Buffer.cpp */ = {isa = PBXFileReference; fileEncoding = 4; lastKnownFileType = sourcecode.cpp.cpp; path = Buffer.cpp; sourceTree = "<group>"; };
		42003E4F28ABE9ED00D94AA7 /* Swapchain.cpp */ = {isa = PBXFileReference; fileEncoding = 4; lastKnownFileType = sourcecode.cpp.cpp; path = Swapchain.cpp; sourceTree = "<group>"; };
		42003E5028ABE9ED00D94AA7 /* DescriptorSetLayout.h */ = {isa = PBXFileReference; fileEncoding = 4; lastKnownFileType = sourcecode.c.h; path = DescriptorSetLayout.h; sourceTree = "<group>"; };
		42003E5128ABE9ED00D94AA7 /* ShaderStage.cpp */ = {isa = PBXFileReference; fileEncoding = 4; lastKnownFileType = sourcecode.cpp.cpp; path = ShaderStage.cpp; sourceTree = "<group>"; };
		42003E5228ABE9ED00D94AA7 /* GFXObject.h */ = {isa = PBXFileReference; fileEncoding = 4; lastKnownFileType = sourcecode.c.h; path = GFXObject.h; sourceTree = "<group>"; };
		42003E5328ABE9ED00D94AA7 /* Buffer.h */ = {isa = PBXFileReference; fileEncoding = 4; lastKnownFileType = sourcecode.c.h; path = Buffer.h; sourceTree = "<group>"; };
		42003E5428ABE9ED00D94AA7 /* GraphicsPipeline.h */ = {isa = PBXFileReference; fileEncoding = 4; lastKnownFileType = sourcecode.c.h; path = GraphicsPipeline.h; sourceTree = "<group>"; };
		42003E5628ABE9ED00D94AA7 /* VKDevice.cpp */ = {isa = PBXFileReference; fileEncoding = 4; lastKnownFileType = sourcecode.cpp.cpp; path = VKDevice.cpp; sourceTree = "<group>"; };
		42003E5728ABE9ED00D94AA7 /* VKDebug.h */ = {isa = PBXFileReference; fileEncoding = 4; lastKnownFileType = sourcecode.c.h; path = VKDebug.h; sourceTree = "<group>"; };
		42003E5828ABE9ED00D94AA7 /* VKCommandBuffer.cpp */ = {isa = PBXFileReference; fileEncoding = 4; lastKnownFileType = sourcecode.cpp.cpp; path = VKCommandBuffer.cpp; sourceTree = "<group>"; };
		42003E5928ABE9ED00D94AA7 /* VKAndroid.h */ = {isa = PBXFileReference; fileEncoding = 4; lastKnownFileType = sourcecode.c.h; path = VKAndroid.h; sourceTree = "<group>"; };
		42003E5A28ABE9ED00D94AA7 /* VKVertexInput.cpp */ = {isa = PBXFileReference; fileEncoding = 4; lastKnownFileType = sourcecode.cpp.cpp; path = VKVertexInput.cpp; sourceTree = "<group>"; };
		42003E5B28ABE9ED00D94AA7 /* VKDescriptorSetLayout.h */ = {isa = PBXFileReference; fileEncoding = 4; lastKnownFileType = sourcecode.c.h; path = VKDescriptorSetLayout.h; sourceTree = "<group>"; };
		42003E5C28ABE9ED00D94AA7 /* VKBuffer.cpp */ = {isa = PBXFileReference; fileEncoding = 4; lastKnownFileType = sourcecode.cpp.cpp; path = VKBuffer.cpp; sourceTree = "<group>"; };
		42003E5D28ABE9ED00D94AA7 /* VKDescriptorSet.h */ = {isa = PBXFileReference; fileEncoding = 4; lastKnownFileType = sourcecode.c.h; path = VKDescriptorSet.h; sourceTree = "<group>"; };
		42003E5E28ABE9ED00D94AA7 /* VKDescriptorSetLayout.cpp */ = {isa = PBXFileReference; fileEncoding = 4; lastKnownFileType = sourcecode.cpp.cpp; path = VKDescriptorSetLayout.cpp; sourceTree = "<group>"; };
		42003E5F28ABE9ED00D94AA7 /* VKSurface.cpp */ = {isa = PBXFileReference; fileEncoding = 4; lastKnownFileType = sourcecode.cpp.cpp; path = VKSurface.cpp; sourceTree = "<group>"; };
		42003E6028ABE9ED00D94AA7 /* VKPipelineLayout.cpp */ = {isa = PBXFileReference; fileEncoding = 4; lastKnownFileType = sourcecode.cpp.cpp; path = VKPipelineLayout.cpp; sourceTree = "<group>"; };
		42003E6128ABE9ED00D94AA7 /* VKVertexInput.h */ = {isa = PBXFileReference; fileEncoding = 4; lastKnownFileType = sourcecode.c.h; path = VKVertexInput.h; sourceTree = "<group>"; };
		42003E6228ABE9ED00D94AA7 /* VKTexture.h */ = {isa = PBXFileReference; fileEncoding = 4; lastKnownFileType = sourcecode.c.h; path = VKTexture.h; sourceTree = "<group>"; };
		42003E6328ABE9ED00D94AA7 /* VKShaderStage.h */ = {isa = PBXFileReference; fileEncoding = 4; lastKnownFileType = sourcecode.c.h; path = VKShaderStage.h; sourceTree = "<group>"; };
		42003E6428ABE9ED00D94AA7 /* VKBuffer.h */ = {isa = PBXFileReference; fileEncoding = 4; lastKnownFileType = sourcecode.c.h; path = VKBuffer.h; sourceTree = "<group>"; };
		42003E6528ABE9ED00D94AA7 /* VKFramebuffer.h */ = {isa = PBXFileReference; fileEncoding = 4; lastKnownFileType = sourcecode.c.h; path = VKFramebuffer.h; sourceTree = "<group>"; };
		42003E6628ABE9ED00D94AA7 /* VKTools.cpp */ = {isa = PBXFileReference; fileEncoding = 4; lastKnownFileType = sourcecode.cpp.cpp; path = VKTools.cpp; sourceTree = "<group>"; };
		42003E6728ABE9ED00D94AA7 /* VKDebug.cpp */ = {isa = PBXFileReference; fileEncoding = 4; lastKnownFileType = sourcecode.cpp.cpp; path = VKDebug.cpp; sourceTree = "<group>"; };
		42003E6828ABE9ED00D94AA7 /* VKShaderStage.cpp */ = {isa = PBXFileReference; fileEncoding = 4; lastKnownFileType = sourcecode.cpp.cpp; path = VKShaderStage.cpp; sourceTree = "<group>"; };
		42003E6928ABE9ED00D94AA7 /* VKRenderPass.h */ = {isa = PBXFileReference; fileEncoding = 4; lastKnownFileType = sourcecode.c.h; path = VKRenderPass.h; sourceTree = "<group>"; };
		42003E6A28ABE9ED00D94AA7 /* VKAndroid.cpp */ = {isa = PBXFileReference; fileEncoding = 4; lastKnownFileType = sourcecode.cpp.cpp; path = VKAndroid.cpp; sourceTree = "<group>"; };
		42003E6B28ABE9ED00D94AA7 /* VKGraphicsPipeline.cpp */ = {isa = PBXFileReference; fileEncoding = 4; lastKnownFileType = sourcecode.cpp.cpp; path = VKGraphicsPipeline.cpp; sourceTree = "<group>"; };
		42003E6C28ABE9ED00D94AA7 /* VKInitializers.hpp */ = {isa = PBXFileReference; fileEncoding = 4; lastKnownFileType = sourcecode.cpp.h; path = VKInitializers.hpp; sourceTree = "<group>"; };
		42003E6D28ABE9ED00D94AA7 /* VKDescriptorPool.cpp */ = {isa = PBXFileReference; fileEncoding = 4; lastKnownFileType = sourcecode.cpp.cpp; path = VKDescriptorPool.cpp; sourceTree = "<group>"; };
		42003E6E28ABE9ED00D94AA7 /* VKFramebuffer.cpp */ = {isa = PBXFileReference; fileEncoding = 4; lastKnownFileType = sourcecode.cpp.cpp; path = VKFramebuffer.cpp; sourceTree = "<group>"; };
		42003E6F28ABE9ED00D94AA7 /* VKTexture.cpp */ = {isa = PBXFileReference; fileEncoding = 4; lastKnownFileType = sourcecode.cpp.cpp; path = VKTexture.cpp; sourceTree = "<group>"; };
		42003E7028ABE9ED00D94AA7 /* VKGraphicsPipeline.h */ = {isa = PBXFileReference; fileEncoding = 4; lastKnownFileType = sourcecode.c.h; path = VKGraphicsPipeline.h; sourceTree = "<group>"; };
		42003E7128ABE9ED00D94AA7 /* VKSampler.cpp */ = {isa = PBXFileReference; fileEncoding = 4; lastKnownFileType = sourcecode.cpp.cpp; path = VKSampler.cpp; sourceTree = "<group>"; };
		42003E7228ABE9ED00D94AA7 /* VKDevice.h */ = {isa = PBXFileReference; fileEncoding = 4; lastKnownFileType = sourcecode.c.h; path = VKDevice.h; sourceTree = "<group>"; };
		42003E7328ABE9ED00D94AA7 /* VKDescriptorSet.cpp */ = {isa = PBXFileReference; fileEncoding = 4; lastKnownFileType = sourcecode.cpp.cpp; path = VKDescriptorSet.cpp; sourceTree = "<group>"; };
		42003E7428ABE9ED00D94AA7 /* VKPipelineLayout.h */ = {isa = PBXFileReference; fileEncoding = 4; lastKnownFileType = sourcecode.c.h; path = VKPipelineLayout.h; sourceTree = "<group>"; };
		42003E7528ABE9ED00D94AA7 /* VKRenderPass.cpp */ = {isa = PBXFileReference; fileEncoding = 4; lastKnownFileType = sourcecode.cpp.cpp; path = VKRenderPass.cpp; sourceTree = "<group>"; };
		42003E7628ABE9ED00D94AA7 /* VKSwapchain.cpp */ = {isa = PBXFileReference; fileEncoding = 4; lastKnownFileType = sourcecode.cpp.cpp; path = VKSwapchain.cpp; sourceTree = "<group>"; };
		42003E7728ABE9ED00D94AA7 /* VKDescriptorPool.h */ = {isa = PBXFileReference; fileEncoding = 4; lastKnownFileType = sourcecode.c.h; path = VKDescriptorPool.h; sourceTree = "<group>"; };
		42003E7828ABE9ED00D94AA7 /* VKContext.cpp */ = {isa = PBXFileReference; fileEncoding = 4; lastKnownFileType = sourcecode.cpp.cpp; path = VKContext.cpp; sourceTree = "<group>"; };
		42003E7928ABE9ED00D94AA7 /* VKCommandBuffer.h */ = {isa = PBXFileReference; fileEncoding = 4; lastKnownFileType = sourcecode.c.h; path = VKCommandBuffer.h; sourceTree = "<group>"; };
		42003E7A28ABE9ED00D94AA7 /* VKContext.h */ = {isa = PBXFileReference; fileEncoding = 4; lastKnownFileType = sourcecode.c.h; path = VKContext.h; sourceTree = "<group>"; };
		42003E7B28ABE9ED00D94AA7 /* VKSwapchain.h */ = {isa = PBXFileReference; fileEncoding = 4; lastKnownFileType = sourcecode.c.h; path = VKSwapchain.h; sourceTree = "<group>"; };
		42003E7C28ABE9ED00D94AA7 /* VKTools.h */ = {isa = PBXFileReference; fileEncoding = 4; lastKnownFileType = sourcecode.c.h; path = VKTools.h; sourceTree = "<group>"; };
		42003E7D28ABE9ED00D94AA7 /* VKSurface.h */ = {isa = PBXFileReference; fileEncoding = 4; lastKnownFileType = sourcecode.c.h; path = VKSurface.h; sourceTree = "<group>"; };
		42003E7E28ABE9ED00D94AA7 /* VKSampler.h */ = {isa = PBXFileReference; fileEncoding = 4; lastKnownFileType = sourcecode.c.h; path = VKSampler.h; sourceTree = "<group>"; };
		42003E7F28ABE9ED00D94AA7 /* Texture.h */ = {isa = PBXFileReference; fileEncoding = 4; lastKnownFileType = sourcecode.c.h; path = Texture.h; sourceTree = "<group>"; };
		42003E8028ABE9ED00D94AA7 /* DescriptorSet.h */ = {isa = PBXFileReference; fileEncoding = 4; lastKnownFileType = sourcecode.c.h; path = DescriptorSet.h; sourceTree = "<group>"; };
		42003E8128ABE9ED00D94AA7 /* Surface.cpp */ = {isa = PBXFileReference; fileEncoding = 4; lastKnownFileType = sourcecode.cpp.cpp; path = Surface.cpp; sourceTree = "<group>"; };
		42003E8228ABE9ED00D94AA7 /* VertexInput.cpp */ = {isa = PBXFileReference; fileEncoding = 4; lastKnownFileType = sourcecode.cpp.cpp; path = VertexInput.cpp; sourceTree = "<group>"; };
		42003E8328ABE9ED00D94AA7 /* GFXObject.cpp */ = {isa = PBXFileReference; fileEncoding = 4; lastKnownFileType = sourcecode.cpp.cpp; path = GFXObject.cpp; sourceTree = "<group>"; };
		42003E8428ABE9ED00D94AA7 /* CommandBuffer.cpp */ = {isa = PBXFileReference; fileEncoding = 4; lastKnownFileType = sourcecode.cpp.cpp; path = CommandBuffer.cpp; sourceTree = "<group>"; };
		42003E8528ABE9ED00D94AA7 /* EagleRenderer.h */ = {isa = PBXFileReference; fileEncoding = 4; lastKnownFileType = sourcecode.c.h; path = EagleRenderer.h; sourceTree = "<group>"; };
		42003E8628ABE9ED00D94AA7 /* EagleApplication.h */ = {isa = PBXFileReference; fileEncoding = 4; lastKnownFileType = sourcecode.c.h; path = EagleApplication.h; sourceTree = "<group>"; };
		42003E8828ABE9ED00D94AA7 /* Utils.h */ = {isa = PBXFileReference; fileEncoding = 4; lastKnownFileType = sourcecode.c.h; path = Utils.h; sourceTree = "<group>"; };
		42003E8928ABE9ED00D94AA7 /* EventSystem.h */ = {isa = PBXFileReference; fileEncoding = 4; lastKnownFileType = sourcecode.c.h; path = EventSystem.h; sourceTree = "<group>"; };
		42003E8A28ABE9ED00D94AA7 /* Utils.cpp */ = {isa = PBXFileReference; fileEncoding = 4; lastKnownFileType = sourcecode.cpp.cpp; path = Utils.cpp; sourceTree = "<group>"; };
		42003E8B28ABE9ED00D94AA7 /* FileUtils.h */ = {isa = PBXFileReference; fileEncoding = 4; lastKnownFileType = sourcecode.c.h; path = FileUtils.h; sourceTree = "<group>"; };
		42003E8C28ABE9ED00D94AA7 /* FileUtils.cpp */ = {isa = PBXFileReference; fileEncoding = 4; lastKnownFileType = sourcecode.cpp.cpp; path = FileUtils.cpp; sourceTree = "<group>"; };
		42003E8D28ABE9ED00D94AA7 /* EventSystem.cpp */ = {isa = PBXFileReference; fileEncoding = 4; lastKnownFileType = sourcecode.cpp.cpp; path = EventSystem.cpp; sourceTree = "<group>"; };
		42003E8E28ABE9ED00D94AA7 /* Keycodes.hpp */ = {isa = PBXFileReference; fileEncoding = 4; lastKnownFileType = sourcecode.cpp.h; path = Keycodes.hpp; sourceTree = "<group>"; };
		42003E8F28ABE9ED00D94AA7 /* EagleRenderer.cpp */ = {isa = PBXFileReference; fileEncoding = 4; lastKnownFileType = sourcecode.cpp.cpp; path = EagleRenderer.cpp; sourceTree = "<group>"; };
		42003E9028ABE9ED00D94AA7 /* EagleApplication.cpp */ = {isa = PBXFileReference; fileEncoding = 4; lastKnownFileType = sourcecode.cpp.cpp; path = EagleApplication.cpp; sourceTree = "<group>"; };
		42003E9128ABE9ED00D94AA7 /* CMakeLists.txt */ = {isa = PBXFileReference; fileEncoding = 4; lastKnownFileType = text; path = CMakeLists.txt; sourceTree = "<group>"; };
		42003E9328ABE9ED00D94AA7 /* RenderPipeline.cpp */ = {isa = PBXFileReference; fileEncoding = 4; lastKnownFileType = sourcecode.cpp.cpp; path = RenderPipeline.cpp; sourceTree = "<group>"; };
		42003E9428ABE9ED00D94AA7 /* RenderPipeline.h */ = {isa = PBXFileReference; fileEncoding = 4; lastKnownFileType = sourcecode.c.h; path = RenderPipeline.h; sourceTree = "<group>"; };
		42003E9628ABE9ED00D94AA7 /* GraphCompiler.h */ = {isa = PBXFileReference; fileEncoding = 4; lastKnownFileType = sourcecode.c.h; path = GraphCompiler.h; sourceTree = "<group>"; };
		42003E9728ABE9ED00D94AA7 /* GraphContext.cpp */ = {isa = PBXFileReference; fileEncoding = 4; lastKnownFileType = sourcecode.cpp.cpp; path = GraphContext.cpp; sourceTree = "<group>"; };
		42003E9828ABE9ED00D94AA7 /* RenderGraph.cpp */ = {isa = PBXFileReference; fileEncoding = 4; lastKnownFileType = sourcecode.cpp.cpp; path = RenderGraph.cpp; sourceTree = "<group>"; };
		42003E9928ABE9ED00D94AA7 /* GraphPass.cpp */ = {isa = PBXFileReference; fileEncoding = 4; lastKnownFileType = sourcecode.cpp.cpp; path = GraphPass.cpp; sourceTree = "<group>"; };
		42003E9A28ABE9ED00D94AA7 /* RenderVisitor.h */ = {isa = PBXFileReference; fileEncoding = 4; lastKnownFileType = sourcecode.c.h; path = RenderVisitor.h; sourceTree = "<group>"; };
		42003E9B28ABE9ED00D94AA7 /* RenderResource.cpp */ = {isa = PBXFileReference; fileEncoding = 4; lastKnownFileType = sourcecode.cpp.cpp; path = RenderResource.cpp; sourceTree = "<group>"; };
		42003E9C28ABE9ED00D94AA7 /* GraphPass.h */ = {isa = PBXFileReference; fileEncoding = 4; lastKnownFileType = sourcecode.c.h; path = GraphPass.h; sourceTree = "<group>"; };
		42003E9D28ABE9ED00D94AA7 /* RenderResource.h */ = {isa = PBXFileReference; fileEncoding = 4; lastKnownFileType = sourcecode.c.h; path = RenderResource.h; sourceTree = "<group>"; };
		42003E9E28ABE9ED00D94AA7 /* GraphCompiler.cpp */ = {isa = PBXFileReference; fileEncoding = 4; lastKnownFileType = sourcecode.cpp.cpp; path = GraphCompiler.cpp; sourceTree = "<group>"; };
		42003E9F28ABE9ED00D94AA7 /* GraphExcutor.h */ = {isa = PBXFileReference; fileEncoding = 4; lastKnownFileType = sourcecode.c.h; path = GraphExcutor.h; sourceTree = "<group>"; };
		42003EA028ABE9ED00D94AA7 /* GraphExcutor.cpp */ = {isa = PBXFileReference; fileEncoding = 4; lastKnownFileType = sourcecode.cpp.cpp; path = GraphExcutor.cpp; sourceTree = "<group>"; };
		42003EA128ABE9ED00D94AA7 /* RenderVisitor.cpp */ = {isa = PBXFileReference; fileEncoding = 4; lastKnownFileType = sourcecode.cpp.cpp; path = RenderVisitor.cpp; sourceTree = "<group>"; };
		42003EA228ABE9ED00D94AA7 /* GraphContext.h */ = {isa = PBXFileReference; fileEncoding = 4; lastKnownFileType = sourcecode.c.h; path = GraphContext.h; sourceTree = "<group>"; };
		42003EA328ABE9ED00D94AA7 /* RenderGraph.h */ = {isa = PBXFileReference; fileEncoding = 4; lastKnownFileType = sourcecode.c.h; path = RenderGraph.h; sourceTree = "<group>"; };
		42003EA428ABE9ED00D94AA7 /* PipelineDef.h */ = {isa = PBXFileReference; fileEncoding = 4; lastKnownFileType = sourcecode.c.h; path = PipelineDef.h; sourceTree = "<group>"; };
		42003F6028AE9B3500D94AA7 /* Tools.h */ = {isa = PBXFileReference; fileEncoding = 4; lastKnownFileType = sourcecode.c.h; path = Tools.h; sourceTree = "<group>"; };
		42003F6128AE9B3600D94AA7 /* Tools.cpp */ = {isa = PBXFileReference; fileEncoding = 4; lastKnownFileType = sourcecode.cpp.cpp; path = Tools.cpp; sourceTree = "<group>"; };
		42003F6428AF782200D94AA7 /* Images.xcassets */ = {isa = PBXFileReference; lastKnownFileType = folder.assetcatalog; path = Images.xcassets; sourceTree = "<group>"; };
		A92F37071C7E1B2B008F8BC9 /* examples.h */ = {isa = PBXFileReference; fileEncoding = 4; lastKnownFileType = sourcecode.c.h; path = examples.h; sourceTree = "<group>"; };
		A9532B751EF99894000A09E2 /* libMoltenVK.dylib */ = {isa = PBXFileReference; lastKnownFileType = "compiled.mach-o.dylib"; name = libMoltenVK.dylib; path = MoltenVK/dylib/iOS/libMoltenVK.dylib; sourceTree = "<group>"; };
		A9581BAB1EEB64EC00247309 /* libMoltenVK.dylib */ = {isa = PBXFileReference; lastKnownFileType = "compiled.mach-o.dylib"; name = libMoltenVK.dylib; path = MoltenVK/dylib/macOS/libMoltenVK.dylib; sourceTree = "<group>"; };
		A977BCFE1B66BB010067E5BF /* examples.app */ = {isa = PBXFileReference; explicitFileType = wrapper.application; includeInIndex = 0; path = examples.app; sourceTree = BUILT_PRODUCTS_DIR; };
		A977BD211B67186B0067E5BF /* AppKit.framework */ = {isa = PBXFileReference; lastKnownFileType = wrapper.framework; name = AppKit.framework; path = System/Library/Frameworks/AppKit.framework; sourceTree = SDKROOT; };
		A977BD221B67186B0067E5BF /* CoreGraphics.framework */ = {isa = PBXFileReference; lastKnownFileType = wrapper.framework; name = CoreGraphics.framework; path = System/Library/Frameworks/CoreGraphics.framework; sourceTree = SDKROOT; };
		A977BD231B67186B0067E5BF /* Foundation.framework */ = {isa = PBXFileReference; lastKnownFileType = wrapper.framework; name = Foundation.framework; path = System/Library/Frameworks/Foundation.framework; sourceTree = SDKROOT; };
		A977BD251B67186B0067E5BF /* Metal.framework */ = {isa = PBXFileReference; lastKnownFileType = wrapper.framework; name = Metal.framework; path = System/Library/Frameworks/Metal.framework; sourceTree = SDKROOT; };
		A977BD261B67186B0067E5BF /* QuartzCore.framework */ = {isa = PBXFileReference; lastKnownFileType = wrapper.framework; name = QuartzCore.framework; path = System/Library/Frameworks/QuartzCore.framework; sourceTree = SDKROOT; };
		A98703D81E9D382A0066959C /* data */ = {isa = PBXFileReference; lastKnownFileType = folder; name = data; path = ../data; sourceTree = "<group>"; };
		A9A222171B5D69F40050A5F9 /* Metal.framework */ = {isa = PBXFileReference; lastKnownFileType = wrapper.framework; name = Metal.framework; path = System/Library/Frameworks/Metal.framework; sourceTree = SDKROOT; };
		A9B67B6B1C3AAE9800373FFD /* AppDelegate.h */ = {isa = PBXFileReference; fileEncoding = 4; lastKnownFileType = sourcecode.c.h; path = AppDelegate.h; sourceTree = "<group>"; };
		A9B67B6C1C3AAE9800373FFD /* AppDelegate.m */ = {isa = PBXFileReference; fileEncoding = 4; lastKnownFileType = sourcecode.c.objc; path = AppDelegate.m; sourceTree = "<group>"; };
		A9B67B6E1C3AAE9800373FFD /* DemoViewController.h */ = {isa = PBXFileReference; fileEncoding = 4; lastKnownFileType = sourcecode.c.h; path = DemoViewController.h; sourceTree = "<group>"; };
		A9B67B6F1C3AAE9800373FFD /* DemoViewController.mm */ = {isa = PBXFileReference; fileEncoding = 4; lastKnownFileType = sourcecode.cpp.objcpp; path = DemoViewController.mm; sourceTree = "<group>"; };
		A9B67B701C3AAE9800373FFD /* Info.plist */ = {isa = PBXFileReference; fileEncoding = 4; lastKnownFileType = text.plist.xml; path = Info.plist; sourceTree = "<group>"; };
		A9B67B711C3AAE9800373FFD /* main.m */ = {isa = PBXFileReference; fileEncoding = 4; lastKnownFileType = sourcecode.c.objc; path = main.m; sourceTree = "<group>"; };
		A9B67B741C3AAE9800373FFD /* Default-568h@2x.png */ = {isa = PBXFileReference; lastKnownFileType = image.png; path = "Default-568h@2x.png"; sourceTree = "<group>"; };
		A9B67B751C3AAE9800373FFD /* Default~ipad.png */ = {isa = PBXFileReference; lastKnownFileType = image.png; path = "Default~ipad.png"; sourceTree = "<group>"; };
		A9B67B761C3AAE9800373FFD /* Icon.png */ = {isa = PBXFileReference; lastKnownFileType = image.png; path = Icon.png; sourceTree = "<group>"; };
		A9B67B771C3AAE9800373FFD /* Main.storyboard */ = {isa = PBXFileReference; fileEncoding = 4; lastKnownFileType = file.storyboard; path = Main.storyboard; sourceTree = "<group>"; };
		A9B67B821C3AAEA200373FFD /* AppDelegate.h */ = {isa = PBXFileReference; fileEncoding = 4; lastKnownFileType = sourcecode.c.h; path = AppDelegate.h; sourceTree = "<group>"; };
		A9B67B831C3AAEA200373FFD /* AppDelegate.m */ = {isa = PBXFileReference; fileEncoding = 4; lastKnownFileType = sourcecode.c.objc; path = AppDelegate.m; sourceTree = "<group>"; };
		A9B67B841C3AAEA200373FFD /* DemoViewController.h */ = {isa = PBXFileReference; fileEncoding = 4; lastKnownFileType = sourcecode.c.h; path = DemoViewController.h; sourceTree = "<group>"; };
		A9B67B851C3AAEA200373FFD /* DemoViewController.mm */ = {isa = PBXFileReference; fileEncoding = 4; lastKnownFileType = sourcecode.cpp.objcpp; path = DemoViewController.mm; sourceTree = "<group>"; };
		A9B67B861C3AAEA200373FFD /* Info.plist */ = {isa = PBXFileReference; fileEncoding = 4; lastKnownFileType = text.plist.xml; path = Info.plist; sourceTree = "<group>"; };
		A9B67B871C3AAEA200373FFD /* main.m */ = {isa = PBXFileReference; fileEncoding = 4; lastKnownFileType = sourcecode.c.objc; path = main.m; sourceTree = "<group>"; };
		A9B67B8A1C3AAEA200373FFD /* Main.storyboard */ = {isa = PBXFileReference; fileEncoding = 4; lastKnownFileType = file.storyboard; path = Main.storyboard; sourceTree = "<group>"; };
		A9B67B8B1C3AAEA200373FFD /* macOS.xcassets */ = {isa = PBXFileReference; lastKnownFileType = folder.assetcatalog; path = macOS.xcassets; sourceTree = "<group>"; };
		A9B6B7641C0F795D00A9E33A /* CoreAudio.framework */ = {isa = PBXFileReference; lastKnownFileType = wrapper.framework; name = CoreAudio.framework; path = System/Library/Frameworks/CoreAudio.framework; sourceTree = SDKROOT; };
		A9BC9B1A1EE8421F00384233 /* EagleExample.cpp */ = {isa = PBXFileReference; fileEncoding = 4; lastKnownFileType = sourcecode.cpp.cpp; path = EagleExample.cpp; sourceTree = "<group>"; };
		A9BC9B1B1EE8421F00384233 /* EagleExample.h */ = {isa = PBXFileReference; fileEncoding = 4; lastKnownFileType = sourcecode.c.h; path = EagleExample.h; sourceTree = "<group>"; };
		A9CDEA271B6A782C00F7B008 /* GLKit.framework */ = {isa = PBXFileReference; lastKnownFileType = wrapper.framework; name = GLKit.framework; path = System/Library/Frameworks/GLKit.framework; sourceTree = SDKROOT; };
		AA54A1DD26E52CE100485C4A /* memstream.c */ = {isa = PBXFileReference; fileEncoding = 4; lastKnownFileType = sourcecode.c.c; path = memstream.c; sourceTree = "<group>"; };
		AA54A1DE26E52CE100485C4A /* vk_funclist.inl */ = {isa = PBXFileReference; fileEncoding = 4; lastKnownFileType = text; path = vk_funclist.inl; sourceTree = "<group>"; };
		AA54A1E026E52CE100485C4A /* etcdec.cxx */ = {isa = PBXFileReference; fileEncoding = 4; lastKnownFileType = sourcecode.cpp.cpp; path = etcdec.cxx; sourceTree = "<group>"; };
		AA54A1E126E52CE100485C4A /* checkheader.c */ = {isa = PBXFileReference; fileEncoding = 4; lastKnownFileType = sourcecode.c.c; path = checkheader.c; sourceTree = "<group>"; };
		AA54A1E226E52CE100485C4A /* errstr.c */ = {isa = PBXFileReference; fileEncoding = 4; lastKnownFileType = sourcecode.c.c; path = errstr.c; sourceTree = "<group>"; };
		AA54A1E326E52CE100485C4A /* writer.c */ = {isa = PBXFileReference; fileEncoding = 4; lastKnownFileType = sourcecode.c.c; path = writer.c; sourceTree = "<group>"; };
		AA54A1E426E52CE100485C4A /* filestream.c */ = {isa = PBXFileReference; fileEncoding = 4; lastKnownFileType = sourcecode.c.c; path = filestream.c; sourceTree = "<group>"; };
		AA54A1E626E52CE100485C4A /* mainpage.md */ = {isa = PBXFileReference; fileEncoding = 4; lastKnownFileType = net.daringfireball.markdown; path = mainpage.md; sourceTree = "<group>"; };
		AA54A1E926E52CE100485C4A /* vk_format.h */ = {isa = PBXFileReference; fileEncoding = 4; lastKnownFileType = sourcecode.c.h; path = vk_format.h; sourceTree = "<group>"; };
		AA54A1EA26E52CE100485C4A /* texture.c */ = {isa = PBXFileReference; fileEncoding = 4; lastKnownFileType = sourcecode.c.c; path = texture.c; sourceTree = "<group>"; };
		AA54A1EB26E52CE100485C4A /* ktxint.h */ = {isa = PBXFileReference; fileEncoding = 4; lastKnownFileType = sourcecode.c.h; path = ktxint.h; sourceTree = "<group>"; };
		AA54A1EC26E52CE100485C4A /* stream.h */ = {isa = PBXFileReference; fileEncoding = 4; lastKnownFileType = sourcecode.c.h; path = stream.h; sourceTree = "<group>"; };
		AA54A1ED26E52CE100485C4A /* hashlist.c */ = {isa = PBXFileReference; fileEncoding = 4; lastKnownFileType = sourcecode.c.c; path = hashlist.c; sourceTree = "<group>"; };
		AA54A1EE26E52CE100485C4A /* vk_funcs.c */ = {isa = PBXFileReference; fileEncoding = 4; lastKnownFileType = sourcecode.c.c; path = vk_funcs.c; sourceTree = "<group>"; };
		AA54A1F026E52CE100485C4A /* uthash.h */ = {isa = PBXFileReference; fileEncoding = 4; lastKnownFileType = sourcecode.c.h; path = uthash.h; sourceTree = "<group>"; };
		AA54A1F226E52CE100485C4A /* memstream.h */ = {isa = PBXFileReference; fileEncoding = 4; lastKnownFileType = sourcecode.c.h; path = memstream.h; sourceTree = "<group>"; };
		AA54A1F526E52CE100485C4A /* filestream.h */ = {isa = PBXFileReference; fileEncoding = 4; lastKnownFileType = sourcecode.c.h; path = filestream.h; sourceTree = "<group>"; };
		AA54A1F626E52CE100485C4A /* hashtable.c */ = {isa = PBXFileReference; fileEncoding = 4; lastKnownFileType = sourcecode.c.c; path = hashtable.c; sourceTree = "<group>"; };
		AA54A1F926E52CE100485C4A /* swap.c */ = {isa = PBXFileReference; fileEncoding = 4; lastKnownFileType = sourcecode.c.c; path = swap.c; sourceTree = "<group>"; };
		AA54A1FB26E52CE100485C4A /* vk_funcs.h */ = {isa = PBXFileReference; fileEncoding = 4; lastKnownFileType = sourcecode.c.h; path = vk_funcs.h; sourceTree = "<group>"; };
		AA54A20126E52CE100485C4A /* imgui.h */ = {isa = PBXFileReference; fileEncoding = 4; lastKnownFileType = sourcecode.c.h; path = imgui.h; sourceTree = "<group>"; };
		AA54A20226E52CE100485C4A /* imstb_textedit.h */ = {isa = PBXFileReference; fileEncoding = 4; lastKnownFileType = sourcecode.c.h; path = imstb_textedit.h; sourceTree = "<group>"; };
		AA54A20326E52CE100485C4A /* imconfig.h */ = {isa = PBXFileReference; fileEncoding = 4; lastKnownFileType = sourcecode.c.h; path = imconfig.h; sourceTree = "<group>"; };
		AA54A20426E52CE100485C4A /* imgui_widgets.cpp */ = {isa = PBXFileReference; fileEncoding = 4; lastKnownFileType = sourcecode.cpp.cpp; path = imgui_widgets.cpp; sourceTree = "<group>"; };
		AA54A20526E52CE100485C4A /* imstb_truetype.h */ = {isa = PBXFileReference; fileEncoding = 4; lastKnownFileType = sourcecode.c.h; path = imstb_truetype.h; sourceTree = "<group>"; };
		AA54A20626E52CE100485C4A /* imgui.cpp */ = {isa = PBXFileReference; fileEncoding = 4; lastKnownFileType = sourcecode.cpp.cpp; path = imgui.cpp; sourceTree = "<group>"; };
		AA54A20726E52CE100485C4A /* imgui_internal.h */ = {isa = PBXFileReference; fileEncoding = 4; lastKnownFileType = sourcecode.c.h; path = imgui_internal.h; sourceTree = "<group>"; };
		AA54A20826E52CE100485C4A /* imstb_rectpack.h */ = {isa = PBXFileReference; fileEncoding = 4; lastKnownFileType = sourcecode.c.h; path = imstb_rectpack.h; sourceTree = "<group>"; };
		AA54A20926E52CE100485C4A /* LICENSE.txt */ = {isa = PBXFileReference; fileEncoding = 4; lastKnownFileType = text; path = LICENSE.txt; sourceTree = "<group>"; };
		AA54A20A26E52CE100485C4A /* imgui_demo.cpp */ = {isa = PBXFileReference; fileEncoding = 4; lastKnownFileType = sourcecode.cpp.cpp; path = imgui_demo.cpp; sourceTree = "<group>"; };
		AA54A20B26E52CE100485C4A /* imgui_draw.cpp */ = {isa = PBXFileReference; fileEncoding = 4; lastKnownFileType = sourcecode.cpp.cpp; path = imgui_draw.cpp; sourceTree = "<group>"; };
/* End PBXFileReference section */

/* Begin PBXFrameworksBuildPhase section */
		1D60588F0D05DD3D006BFB54 /* Frameworks */ = {
			isa = PBXFrameworksBuildPhase;
			buildActionMask = 2147483647;
			files = (
				A9532B771EF9991A000A09E2 /* libMoltenVK.dylib in Frameworks */,
				A9581BA81EEB648C00247309 /* (null) in Frameworks */,
			);
			runOnlyForDeploymentPostprocessing = 0;
		};
		A977BCF11B66BB010067E5BF /* Frameworks */ = {
			isa = PBXFrameworksBuildPhase;
			buildActionMask = 2147483647;
			files = (
				A9532B781EF99937000A09E2 /* libMoltenVK.dylib in Frameworks */,
			);
			runOnlyForDeploymentPostprocessing = 0;
		};
/* End PBXFrameworksBuildPhase section */

/* Begin PBXGroup section */
		19C28FACFE9D520D11CA2CBB /* Products */ = {
			isa = PBXGroup;
			children = (
				1D6058910D05DD3D006BFB54 /* examples.app */,
				A977BCFE1B66BB010067E5BF /* examples.app */,
			);
			name = Products;
			sourceTree = "<group>";
		};
		29B97314FDCFA39411CA2CEA /* CustomTemplate */ = {
			isa = PBXGroup;
			children = (
				A92F37071C7E1B2B008F8BC9 /* examples.h */,
				A9BC9B1B1EE8421F00384233 /* EagleExample.h */,
				A9BC9B1A1EE8421F00384233 /* EagleExample.cpp */,
				A951FEFF1E9C349000FA9144 /* core */,
				AA54A1CF26E52CE100485C4A /* external */,
				A98703D81E9D382A0066959C /* data */,
				A9B67B6A1C3AAE9800373FFD /* iOS */,
				A9B67B811C3AAEA200373FFD /* macOS */,
				29B97323FDCFA39411CA2CEA /* Frameworks */,
				19C28FACFE9D520D11CA2CBB /* Products */,
			);
			name = CustomTemplate;
			sourceTree = "<group>";
		};
		29B97323FDCFA39411CA2CEA /* Frameworks */ = {
			isa = PBXGroup;
			children = (
				A9581BAB1EEB64EC00247309 /* libMoltenVK.dylib */,
				A9532B751EF99894000A09E2 /* libMoltenVK.dylib */,
				A9B6B7641C0F795D00A9E33A /* CoreAudio.framework */,
				A9ADEC601B6EC2EB00DBA48C /* iOS */,
				A9ADEC611B6EC2F300DBA48C /* macOS */,
			);
			name = Frameworks;
			sourceTree = "<group>";
		};
		42003E3528ABE9ED00D94AA7 /* graphics */ = {
			isa = PBXGroup;
			children = (
				42003E5528ABE9ED00D94AA7 /* vulkan */,
				42003E3628ABE9ED00D94AA7 /* VertexInput.h */,
				42003E3728ABE9ED00D94AA7 /* RenderPass.h */,
				42003E3828ABE9ED00D94AA7 /* ShaderStage.h */,
				42003E3928ABE9ED00D94AA7 /* Device.h */,
				42003E3A28ABE9ED00D94AA7 /* DescriptorPool.h */,
				42003E3B28ABE9ED00D94AA7 /* PipelineLayout.cpp */,
				42003E3C28ABE9ED00D94AA7 /* GraphicsPipeline.cpp */,
				42003E3D28ABE9ED00D94AA7 /* Sampler.h */,
				42003E3E28ABE9ED00D94AA7 /* Surface.h */,
				42003E3F28ABE9ED00D94AA7 /* PipelineLayout.h */,
				42003E4028ABE9ED00D94AA7 /* Context.cpp */,
				42003E4128ABE9ED00D94AA7 /* GraphicsDef.h */,
				42003E4228ABE9ED00D94AA7 /* Framebuffer.cpp */,
				42003E4328ABE9ED00D94AA7 /* Context.h */,
				42003E4428ABE9ED00D94AA7 /* Swapchain.h */,
				42003E4528ABE9ED00D94AA7 /* RenderPass.cpp */,
				42003E4628ABE9ED00D94AA7 /* Texture.cpp */,
				42003E4728ABE9ED00D94AA7 /* DescriptorPool.cpp */,
				42003E4828ABE9ED00D94AA7 /* Framebuffer.h */,
				42003E4928ABE9ED00D94AA7 /* Device.cpp */,
				42003E4A28ABE9ED00D94AA7 /* DescriptorSetLayout.cpp */,
				42003E4B28ABE9ED00D94AA7 /* Sampler.cpp */,
				42003E4C28ABE9ED00D94AA7 /* CommandBuffer.h */,
				42003E4D28ABE9ED00D94AA7 /* DescriptorSet.cpp */,
				42003E4E28ABE9ED00D94AA7 /* Buffer.cpp */,
				42003E4F28ABE9ED00D94AA7 /* Swapchain.cpp */,
				42003E5028ABE9ED00D94AA7 /* DescriptorSetLayout.h */,
				42003E5128ABE9ED00D94AA7 /* ShaderStage.cpp */,
				42003E5228ABE9ED00D94AA7 /* GFXObject.h */,
				42003E5328ABE9ED00D94AA7 /* Buffer.h */,
				42003E5428ABE9ED00D94AA7 /* GraphicsPipeline.h */,
				42003F6128AE9B3600D94AA7 /* Tools.cpp */,
				42003F6028AE9B3500D94AA7 /* Tools.h */,
				42003E7F28ABE9ED00D94AA7 /* Texture.h */,
				42003E8028ABE9ED00D94AA7 /* DescriptorSet.h */,
				42003E8128ABE9ED00D94AA7 /* Surface.cpp */,
				42003E8228ABE9ED00D94AA7 /* VertexInput.cpp */,
				42003E8328ABE9ED00D94AA7 /* GFXObject.cpp */,
				42003E8428ABE9ED00D94AA7 /* CommandBuffer.cpp */,
			);
			path = graphics;
			sourceTree = "<group>";
		};
		42003E5528ABE9ED00D94AA7 /* vulkan */ = {
			isa = PBXGroup;
			children = (
				42003E5628ABE9ED00D94AA7 /* VKDevice.cpp */,
				42003E5728ABE9ED00D94AA7 /* VKDebug.h */,
				42003E5828ABE9ED00D94AA7 /* VKCommandBuffer.cpp */,
				42003E5928ABE9ED00D94AA7 /* VKAndroid.h */,
				42003E5A28ABE9ED00D94AA7 /* VKVertexInput.cpp */,
				42003E5B28ABE9ED00D94AA7 /* VKDescriptorSetLayout.h */,
				42003E5C28ABE9ED00D94AA7 /* VKBuffer.cpp */,
				42003E5D28ABE9ED00D94AA7 /* VKDescriptorSet.h */,
				42003E5E28ABE9ED00D94AA7 /* VKDescriptorSetLayout.cpp */,
				42003E5F28ABE9ED00D94AA7 /* VKSurface.cpp */,
				42003E6028ABE9ED00D94AA7 /* VKPipelineLayout.cpp */,
				42003E6128ABE9ED00D94AA7 /* VKVertexInput.h */,
				42003E6228ABE9ED00D94AA7 /* VKTexture.h */,
				42003E6328ABE9ED00D94AA7 /* VKShaderStage.h */,
				42003E6428ABE9ED00D94AA7 /* VKBuffer.h */,
				42003E6528ABE9ED00D94AA7 /* VKFramebuffer.h */,
				42003E6628ABE9ED00D94AA7 /* VKTools.cpp */,
				42003E6728ABE9ED00D94AA7 /* VKDebug.cpp */,
				42003E6828ABE9ED00D94AA7 /* VKShaderStage.cpp */,
				42003E6928ABE9ED00D94AA7 /* VKRenderPass.h */,
				42003E6A28ABE9ED00D94AA7 /* VKAndroid.cpp */,
				42003E6B28ABE9ED00D94AA7 /* VKGraphicsPipeline.cpp */,
				42003E6C28ABE9ED00D94AA7 /* VKInitializers.hpp */,
				42003E6D28ABE9ED00D94AA7 /* VKDescriptorPool.cpp */,
				42003E6E28ABE9ED00D94AA7 /* VKFramebuffer.cpp */,
				42003E6F28ABE9ED00D94AA7 /* VKTexture.cpp */,
				42003E7028ABE9ED00D94AA7 /* VKGraphicsPipeline.h */,
				42003E7128ABE9ED00D94AA7 /* VKSampler.cpp */,
				42003E7228ABE9ED00D94AA7 /* VKDevice.h */,
				42003E7328ABE9ED00D94AA7 /* VKDescriptorSet.cpp */,
				42003E7428ABE9ED00D94AA7 /* VKPipelineLayout.h */,
				42003E7528ABE9ED00D94AA7 /* VKRenderPass.cpp */,
				42003E7628ABE9ED00D94AA7 /* VKSwapchain.cpp */,
				42003E7728ABE9ED00D94AA7 /* VKDescriptorPool.h */,
				42003E7828ABE9ED00D94AA7 /* VKContext.cpp */,
				42003E7928ABE9ED00D94AA7 /* VKCommandBuffer.h */,
				42003E7A28ABE9ED00D94AA7 /* VKContext.h */,
				42003E7B28ABE9ED00D94AA7 /* VKSwapchain.h */,
				42003E7C28ABE9ED00D94AA7 /* VKTools.h */,
				42003E7D28ABE9ED00D94AA7 /* VKSurface.h */,
				42003E7E28ABE9ED00D94AA7 /* VKSampler.h */,
			);
			path = vulkan;
			sourceTree = "<group>";
		};
		42003E8728ABE9ED00D94AA7 /* utils */ = {
			isa = PBXGroup;
			children = (
				42003E8828ABE9ED00D94AA7 /* Utils.h */,
				42003E8928ABE9ED00D94AA7 /* EventSystem.h */,
				42003E8A28ABE9ED00D94AA7 /* Utils.cpp */,
				42003E8B28ABE9ED00D94AA7 /* FileUtils.h */,
				42003E8C28ABE9ED00D94AA7 /* FileUtils.cpp */,
				42003E8D28ABE9ED00D94AA7 /* EventSystem.cpp */,
				42003E8E28ABE9ED00D94AA7 /* Keycodes.hpp */,
			);
			path = utils;
			sourceTree = "<group>";
		};
		42003E9228ABE9ED00D94AA7 /* pipeline */ = {
			isa = PBXGroup;
			children = (
				42003E9328ABE9ED00D94AA7 /* RenderPipeline.cpp */,
				42003E9428ABE9ED00D94AA7 /* RenderPipeline.h */,
				42003E9528ABE9ED00D94AA7 /* render-graph */,
				42003EA428ABE9ED00D94AA7 /* PipelineDef.h */,
			);
			path = pipeline;
			sourceTree = "<group>";
		};
		42003E9528ABE9ED00D94AA7 /* render-graph */ = {
			isa = PBXGroup;
			children = (
				42003E9628ABE9ED00D94AA7 /* GraphCompiler.h */,
				42003E9728ABE9ED00D94AA7 /* GraphContext.cpp */,
				42003E9828ABE9ED00D94AA7 /* RenderGraph.cpp */,
				42003E9928ABE9ED00D94AA7 /* GraphPass.cpp */,
				42003E9A28ABE9ED00D94AA7 /* RenderVisitor.h */,
				42003E9B28ABE9ED00D94AA7 /* RenderResource.cpp */,
				42003E9C28ABE9ED00D94AA7 /* GraphPass.h */,
				42003E9D28ABE9ED00D94AA7 /* RenderResource.h */,
				42003E9E28ABE9ED00D94AA7 /* GraphCompiler.cpp */,
				42003E9F28ABE9ED00D94AA7 /* GraphExcutor.h */,
				42003EA028ABE9ED00D94AA7 /* GraphExcutor.cpp */,
				42003EA128ABE9ED00D94AA7 /* RenderVisitor.cpp */,
				42003EA228ABE9ED00D94AA7 /* GraphContext.h */,
				42003EA328ABE9ED00D94AA7 /* RenderGraph.h */,
			);
			path = "render-graph";
			sourceTree = "<group>";
		};
		A951FEFF1E9C349000FA9144 /* core */ = {
			isa = PBXGroup;
			children = (
				42003E9128ABE9ED00D94AA7 /* CMakeLists.txt */,
				42003E9028ABE9ED00D94AA7 /* EagleApplication.cpp */,
				42003E8628ABE9ED00D94AA7 /* EagleApplication.h */,
				42003E8F28ABE9ED00D94AA7 /* EagleRenderer.cpp */,
				42003E8528ABE9ED00D94AA7 /* EagleRenderer.h */,
				42003E3528ABE9ED00D94AA7 /* graphics */,
				42003E9228ABE9ED00D94AA7 /* pipeline */,
				42003E8728ABE9ED00D94AA7 /* utils */,
			);
			name = core;
			path = ../core;
			sourceTree = "<group>";
		};
		A9ADEC601B6EC2EB00DBA48C /* iOS */ = {
			isa = PBXGroup;
			children = (
				A9A222171B5D69F40050A5F9 /* Metal.framework */,
				1D3623EB0D0F72F000981E51 /* CoreGraphics.framework */,
				2D500B990D5A79CF00DBA0E3 /* QuartzCore.framework */,
				1D30AB110D05D00D00671497 /* Foundation.framework */,
				A9CDEA271B6A782C00F7B008 /* GLKit.framework */,
			);
			name = iOS;
			sourceTree = "<group>";
		};
		A9ADEC611B6EC2F300DBA48C /* macOS */ = {
			isa = PBXGroup;
			children = (
				A977BD251B67186B0067E5BF /* Metal.framework */,
				A977BD221B67186B0067E5BF /* CoreGraphics.framework */,
				A977BD261B67186B0067E5BF /* QuartzCore.framework */,
				A977BD231B67186B0067E5BF /* Foundation.framework */,
				A977BD211B67186B0067E5BF /* AppKit.framework */,
			);
			name = macOS;
			sourceTree = "<group>";
		};
		A9B67B6A1C3AAE9800373FFD /* iOS */ = {
			isa = PBXGroup;
			children = (
				A9B67B6B1C3AAE9800373FFD /* AppDelegate.h */,
				A9B67B6C1C3AAE9800373FFD /* AppDelegate.m */,
				A9B67B6E1C3AAE9800373FFD /* DemoViewController.h */,
				A9B67B6F1C3AAE9800373FFD /* DemoViewController.mm */,
				A9B67B701C3AAE9800373FFD /* Info.plist */,
				A9B67B711C3AAE9800373FFD /* main.m */,
				A9B67B731C3AAE9800373FFD /* Resources */,
			);
			path = iOS;
			sourceTree = "<group>";
		};
		A9B67B731C3AAE9800373FFD /* Resources */ = {
			isa = PBXGroup;
			children = (
				42003F6428AF782200D94AA7 /* Images.xcassets */,
				A9B67B741C3AAE9800373FFD /* Default-568h@2x.png */,
				A9B67B751C3AAE9800373FFD /* Default~ipad.png */,
				A9B67B761C3AAE9800373FFD /* Icon.png */,
				A9B67B771C3AAE9800373FFD /* Main.storyboard */,
			);
			path = Resources;
			sourceTree = "<group>";
		};
		A9B67B811C3AAEA200373FFD /* macOS */ = {
			isa = PBXGroup;
			children = (
				A9B67B821C3AAEA200373FFD /* AppDelegate.h */,
				A9B67B831C3AAEA200373FFD /* AppDelegate.m */,
				A9B67B841C3AAEA200373FFD /* DemoViewController.h */,
				A9B67B851C3AAEA200373FFD /* DemoViewController.mm */,
				A9B67B861C3AAEA200373FFD /* Info.plist */,
				A9B67B871C3AAEA200373FFD /* main.m */,
				A9B67B891C3AAEA200373FFD /* Resources */,
			);
			path = macOS;
			sourceTree = "<group>";
		};
		A9B67B891C3AAEA200373FFD /* Resources */ = {
			isa = PBXGroup;
			children = (
				A9B67B8A1C3AAEA200373FFD /* Main.storyboard */,
				A9B67B8B1C3AAEA200373FFD /* macOS.xcassets */,
			);
			path = Resources;
			sourceTree = "<group>";
		};
		AA54A1CF26E52CE100485C4A /* external */ = {
			isa = PBXGroup;
			children = (
				AA54A1D626E52CE100485C4A /* ktx */,
				AA54A20026E52CE100485C4A /* imgui */,
			);
			name = external;
			path = ../external;
			sourceTree = "<group>";
		};
		AA54A1D626E52CE100485C4A /* ktx */ = {
			isa = PBXGroup;
			children = (
				AA54A1DC26E52CE100485C4A /* lib */,
			);
			path = ktx;
			sourceTree = "<group>";
		};
		AA54A1DC26E52CE100485C4A /* lib */ = {
			isa = PBXGroup;
			children = (
				AA54A1E126E52CE100485C4A /* checkheader.c */,
				AA54A1E226E52CE100485C4A /* errstr.c */,
				AA54A1E026E52CE100485C4A /* etcdec.cxx */,
				AA54A1E426E52CE100485C4A /* filestream.c */,
				AA54A1F526E52CE100485C4A /* filestream.h */,
				AA54A1ED26E52CE100485C4A /* hashlist.c */,
				AA54A1F626E52CE100485C4A /* hashtable.c */,
				AA54A1EB26E52CE100485C4A /* ktxint.h */,
				AA54A1E626E52CE100485C4A /* mainpage.md */,
				AA54A1DD26E52CE100485C4A /* memstream.c */,
				AA54A1F226E52CE100485C4A /* memstream.h */,
				AA54A1EC26E52CE100485C4A /* stream.h */,
				AA54A1F926E52CE100485C4A /* swap.c */,
				AA54A1EA26E52CE100485C4A /* texture.c */,
				AA54A1F026E52CE100485C4A /* uthash.h */,
				AA54A1E926E52CE100485C4A /* vk_format.h */,
				AA54A1DE26E52CE100485C4A /* vk_funclist.inl */,
				AA54A1EE26E52CE100485C4A /* vk_funcs.c */,
				AA54A1FB26E52CE100485C4A /* vk_funcs.h */,
				AA54A1E326E52CE100485C4A /* writer.c */,
			);
			path = lib;
			sourceTree = "<group>";
		};
		AA54A20026E52CE100485C4A /* imgui */ = {
			isa = PBXGroup;
			children = (
				AA54A20326E52CE100485C4A /* imconfig.h */,
				AA54A20A26E52CE100485C4A /* imgui_demo.cpp */,
				AA54A20B26E52CE100485C4A /* imgui_draw.cpp */,
				AA54A20726E52CE100485C4A /* imgui_internal.h */,
				AA54A20426E52CE100485C4A /* imgui_widgets.cpp */,
				AA54A20626E52CE100485C4A /* imgui.cpp */,
				AA54A20126E52CE100485C4A /* imgui.h */,
				AA54A20826E52CE100485C4A /* imstb_rectpack.h */,
				AA54A20226E52CE100485C4A /* imstb_textedit.h */,
				AA54A20526E52CE100485C4A /* imstb_truetype.h */,
				AA54A20926E52CE100485C4A /* LICENSE.txt */,
			);
			path = imgui;
			sourceTree = "<group>";
		};
/* End PBXGroup section */

/* Begin PBXNativeTarget section */
		1D6058900D05DD3D006BFB54 /* examples-ios */ = {
			isa = PBXNativeTarget;
			buildConfigurationList = 1D6058960D05DD3E006BFB54 /* Build configuration list for PBXNativeTarget "examples-ios" */;
			buildPhases = (
				1D60588D0D05DD3D006BFB54 /* Resources */,
				1D60588E0D05DD3D006BFB54 /* Sources */,
				1D60588F0D05DD3D006BFB54 /* Frameworks */,
				A9532B741EF9987C000A09E2 /* CopyFiles */,
			);
			buildRules = (
			);
			dependencies = (
			);
			name = "examples-ios";
			productName = foo;
			productReference = 1D6058910D05DD3D006BFB54 /* examples.app */;
			productType = "com.apple.product-type.application";
		};
		A977BCBD1B66BB010067E5BF /* examples-macos */ = {
			isa = PBXNativeTarget;
			buildConfigurationList = A977BCFB1B66BB010067E5BF /* Build configuration list for PBXNativeTarget "examples-macos" */;
			buildPhases = (
				A977BCBE1B66BB010067E5BF /* Resources */,
				A977BCC91B66BB010067E5BF /* Sources */,
				A977BCF11B66BB010067E5BF /* Frameworks */,
				A91227BB1E9D5E9D00108018 /* CopyFiles */,
			);
			buildRules = (
			);
			dependencies = (
			);
			name = "examples-macos";
			productName = foo;
			productReference = A977BCFE1B66BB010067E5BF /* examples.app */;
			productType = "com.apple.product-type.application";
		};
/* End PBXNativeTarget section */

/* Begin PBXProject section */
		29B97313FDCFA39411CA2CEA /* Project object */ = {
			isa = PBXProject;
			attributes = {
				LastUpgradeCheck = 0920;
				TargetAttributes = {
					1D6058900D05DD3D006BFB54 = {
						DevelopmentTeam = F3FB859Z6J;
					};
					A977BCBD1B66BB010067E5BF = {
						DevelopmentTeam = VU3TCKU48B;
					};
				};
			};
			buildConfigurationList = C01FCF4E08A954540054247B /* Build configuration list for PBXProject "examples" */;
			compatibilityVersion = "Xcode 3.2";
			developmentRegion = English;
			hasScannedForEncodings = 1;
			knownRegions = (
				English,
				Japanese,
				French,
				German,
			);
			mainGroup = 29B97314FDCFA39411CA2CEA /* CustomTemplate */;
			projectDirPath = "";
			projectRoot = "";
			targets = (
				1D6058900D05DD3D006BFB54 /* examples-ios */,
				A977BCBD1B66BB010067E5BF /* examples-macos */,
			);
		};
/* End PBXProject section */

/* Begin PBXResourcesBuildPhase section */
		1D60588D0D05DD3D006BFB54 /* Resources */ = {
			isa = PBXResourcesBuildPhase;
			buildActionMask = 2147483647;
			files = (
				A9B67B7F1C3AAE9800373FFD /* Icon.png in Resources */,
				42003F6528AF782200D94AA7 /* Images.xcassets in Resources */,
				A9B67B801C3AAE9800373FFD /* Main.storyboard in Resources */,
				AA54A6C626E52CE300485C4A /* mainpage.md in Resources */,
				AA54A6E226E52CE400485C4A /* LICENSE.txt in Resources */,
				AA54A6BA26E52CE300485C4A /* vk_funclist.inl in Resources */,
				A9B67B7E1C3AAE9800373FFD /* Default~ipad.png in Resources */,
				A9B67B7D1C3AAE9800373FFD /* Default-568h@2x.png in Resources */,
				A98703D91E9D382A0066959C /* data in Resources */,
				42003EFB28ABE9EE00D94AA7 /* CMakeLists.txt in Resources */,
			);
			runOnlyForDeploymentPostprocessing = 0;
		};
		A977BCBE1B66BB010067E5BF /* Resources */ = {
			isa = PBXResourcesBuildPhase;
			buildActionMask = 2147483647;
			files = (
				AA54A6E326E52CE400485C4A /* LICENSE.txt in Resources */,
				AA54A6BB26E52CE300485C4A /* vk_funclist.inl in Resources */,
				AA54A6C726E52CE300485C4A /* mainpage.md in Resources */,
				A9B67B911C3AAEA200373FFD /* macOS.xcassets in Resources */,
				42003EFC28ABE9EE00D94AA7 /* CMakeLists.txt in Resources */,
				A98703DA1E9D382A0066959C /* data in Resources */,
				A9B67B901C3AAEA200373FFD /* Main.storyboard in Resources */,
			);
			runOnlyForDeploymentPostprocessing = 0;
		};
/* End PBXResourcesBuildPhase section */

/* Begin PBXSourcesBuildPhase section */
		1D60588E0D05DD3D006BFB54 /* Sources */ = {
			isa = PBXSourcesBuildPhase;
			buildActionMask = 2147483647;
			files = (
				AA54A6CE26E52CE400485C4A /* vk_funcs.c in Sources */,
				42003EB928ABE9ED00D94AA7 /* DescriptorSet.cpp in Sources */,
				42003EED28ABE9ED00D94AA7 /* GFXObject.cpp in Sources */,
				42003EB328ABE9ED00D94AA7 /* Device.cpp in Sources */,
				AA54A6C426E52CE300485C4A /* filestream.c in Sources */,
				AA54A6C026E52CE300485C4A /* errstr.c in Sources */,
				42003EC528ABE9ED00D94AA7 /* VKVertexInput.cpp in Sources */,
				AA54A6E626E52CE400485C4A /* imgui_draw.cpp in Sources */,
				42003EB728ABE9ED00D94AA7 /* Sampler.cpp in Sources */,
				42003EA728ABE9ED00D94AA7 /* GraphicsPipeline.cpp in Sources */,
				A9BC9B1C1EE8421F00384233 /* EagleExample.cpp in Sources */,
				42003ECD28ABE9ED00D94AA7 /* VKPipelineLayout.cpp in Sources */,
				42003EAD28ABE9ED00D94AA7 /* RenderPass.cpp in Sources */,
				42003F0328ABE9EE00D94AA7 /* GraphPass.cpp in Sources */,
				AA54A6BC26E52CE300485C4A /* etcdec.cxx in Sources */,
				42003EB128ABE9ED00D94AA7 /* DescriptorPool.cpp in Sources */,
				42003ECF28ABE9ED00D94AA7 /* VKTools.cpp in Sources */,
				AA54A6D226E52CE400485C4A /* hashtable.c in Sources */,
				42003EDD28ABE9ED00D94AA7 /* VKTexture.cpp in Sources */,
				42003F0728ABE9EE00D94AA7 /* GraphCompiler.cpp in Sources */,
				AA54A6B826E52CE300485C4A /* memstream.c in Sources */,
				42003EDF28ABE9ED00D94AA7 /* VKSampler.cpp in Sources */,
				AA54A6C226E52CE300485C4A /* writer.c in Sources */,
				42003EC728ABE9ED00D94AA7 /* VKBuffer.cpp in Sources */,
				AA54A6DE26E52CE400485C4A /* imgui_widgets.cpp in Sources */,
				42003EF928ABE9EE00D94AA7 /* EagleApplication.cpp in Sources */,
				42003EFF28ABE9EE00D94AA7 /* GraphContext.cpp in Sources */,
				42003F6228AE9B3600D94AA7 /* Tools.cpp in Sources */,
				42003ED728ABE9ED00D94AA7 /* VKGraphicsPipeline.cpp in Sources */,
				42003ED528ABE9ED00D94AA7 /* VKAndroid.cpp in Sources */,
				42003F0528ABE9EE00D94AA7 /* RenderResource.cpp in Sources */,
				42003EE128ABE9ED00D94AA7 /* VKDescriptorSet.cpp in Sources */,
				42003EA928ABE9ED00D94AA7 /* Context.cpp in Sources */,
				42003EC328ABE9ED00D94AA7 /* VKCommandBuffer.cpp in Sources */,
				42003EE528ABE9ED00D94AA7 /* VKSwapchain.cpp in Sources */,
				42003EF328ABE9EE00D94AA7 /* FileUtils.cpp in Sources */,
				42003EBF28ABE9ED00D94AA7 /* ShaderStage.cpp in Sources */,
				42003EF528ABE9EE00D94AA7 /* EventSystem.cpp in Sources */,
				A9B67B7A1C3AAE9800373FFD /* DemoViewController.mm in Sources */,
				A9B67B781C3AAE9800373FFD /* AppDelegate.m in Sources */,
				42003EB528ABE9ED00D94AA7 /* DescriptorSetLayout.cpp in Sources */,
				42003EC928ABE9ED00D94AA7 /* VKDescriptorSetLayout.cpp in Sources */,
				42003EAF28ABE9ED00D94AA7 /* Texture.cpp in Sources */,
				AA54A6CA26E52CE300485C4A /* texture.c in Sources */,
				42003EE928ABE9ED00D94AA7 /* Surface.cpp in Sources */,
				42003EEB28ABE9ED00D94AA7 /* VertexInput.cpp in Sources */,
				42003EBB28ABE9ED00D94AA7 /* Buffer.cpp in Sources */,
				42003EE328ABE9ED00D94AA7 /* VKRenderPass.cpp in Sources */,
				AA54A6CC26E52CE300485C4A /* hashlist.c in Sources */,
				42003ED928ABE9ED00D94AA7 /* VKDescriptorPool.cpp in Sources */,
				42003EAB28ABE9ED00D94AA7 /* Framebuffer.cpp in Sources */,
				42003EFD28ABE9EE00D94AA7 /* RenderPipeline.cpp in Sources */,
				42003EDB28ABE9ED00D94AA7 /* VKFramebuffer.cpp in Sources */,
				42003ED128ABE9ED00D94AA7 /* VKDebug.cpp in Sources */,
				42003EF128ABE9EE00D94AA7 /* Utils.cpp in Sources */,
				42003EF728ABE9EE00D94AA7 /* EagleRenderer.cpp in Sources */,
				AA54A6D826E52CE400485C4A /* swap.c in Sources */,
				42003F0B28ABE9EE00D94AA7 /* RenderVisitor.cpp in Sources */,
				42003EE728ABE9ED00D94AA7 /* VKContext.cpp in Sources */,
				AA54A6BE26E52CE300485C4A /* checkheader.c in Sources */,
				A9B67B7C1C3AAE9800373FFD /* main.m in Sources */,
				42003F0128ABE9EE00D94AA7 /* RenderGraph.cpp in Sources */,
				42003F0928ABE9EE00D94AA7 /* GraphExcutor.cpp in Sources */,
				42003EBD28ABE9ED00D94AA7 /* Swapchain.cpp in Sources */,
				42003EEF28ABE9EE00D94AA7 /* CommandBuffer.cpp in Sources */,
				AA54A6E426E52CE400485C4A /* imgui_demo.cpp in Sources */,
				AA54A6E026E52CE400485C4A /* imgui.cpp in Sources */,
				42003EC128ABE9ED00D94AA7 /* VKDevice.cpp in Sources */,
				42003ED328ABE9ED00D94AA7 /* VKShaderStage.cpp in Sources */,
				42003ECB28ABE9ED00D94AA7 /* VKSurface.cpp in Sources */,
				42003EA528ABE9ED00D94AA7 /* PipelineLayout.cpp in Sources */,
			);
			runOnlyForDeploymentPostprocessing = 0;
		};
		A977BCC91B66BB010067E5BF /* Sources */ = {
			isa = PBXSourcesBuildPhase;
			buildActionMask = 2147483647;
			files = (
				AA54A6CF26E52CE400485C4A /* vk_funcs.c in Sources */,
				42003EBA28ABE9ED00D94AA7 /* DescriptorSet.cpp in Sources */,
				42003EEE28ABE9ED00D94AA7 /* GFXObject.cpp in Sources */,
				42003EB428ABE9ED00D94AA7 /* Device.cpp in Sources */,
				AA54A6C526E52CE300485C4A /* filestream.c in Sources */,
				AA54A6C126E52CE300485C4A /* errstr.c in Sources */,
				42003EC628ABE9ED00D94AA7 /* VKVertexInput.cpp in Sources */,
				AA54A6E726E52CE400485C4A /* imgui_draw.cpp in Sources */,
				42003EB828ABE9ED00D94AA7 /* Sampler.cpp in Sources */,
				42003EA828ABE9ED00D94AA7 /* GraphicsPipeline.cpp in Sources */,
				AA54A6BD26E52CE300485C4A /* etcdec.cxx in Sources */,
				42003ECE28ABE9ED00D94AA7 /* VKPipelineLayout.cpp in Sources */,
				42003EAE28ABE9ED00D94AA7 /* RenderPass.cpp in Sources */,
				42003F0428ABE9EE00D94AA7 /* GraphPass.cpp in Sources */,
				AA54A6D326E52CE400485C4A /* hashtable.c in Sources */,
				42003EB228ABE9ED00D94AA7 /* DescriptorPool.cpp in Sources */,
				42003ED028ABE9ED00D94AA7 /* VKTools.cpp in Sources */,
				AA54A6B926E52CE300485C4A /* memstream.c in Sources */,
				42003EDE28ABE9ED00D94AA7 /* VKTexture.cpp in Sources */,
				42003F0828ABE9EE00D94AA7 /* GraphCompiler.cpp in Sources */,
				AA54A6C326E52CE300485C4A /* writer.c in Sources */,
				42003EE028ABE9ED00D94AA7 /* VKSampler.cpp in Sources */,
				AA54A6DF26E52CE400485C4A /* imgui_widgets.cpp in Sources */,
				42003EC828ABE9ED00D94AA7 /* VKBuffer.cpp in Sources */,
				AA54A6CB26E52CE300485C4A /* texture.c in Sources */,
				42003EFA28ABE9EE00D94AA7 /* EagleApplication.cpp in Sources */,
				42003F0028ABE9EE00D94AA7 /* GraphContext.cpp in Sources */,
				42003F6328AE9B3600D94AA7 /* Tools.cpp in Sources */,
				42003ED828ABE9ED00D94AA7 /* VKGraphicsPipeline.cpp in Sources */,
				42003ED628ABE9ED00D94AA7 /* VKAndroid.cpp in Sources */,
				42003F0628ABE9EE00D94AA7 /* RenderResource.cpp in Sources */,
				42003EE228ABE9ED00D94AA7 /* VKDescriptorSet.cpp in Sources */,
				42003EAA28ABE9ED00D94AA7 /* Context.cpp in Sources */,
				42003EC428ABE9ED00D94AA7 /* VKCommandBuffer.cpp in Sources */,
				42003EE628ABE9ED00D94AA7 /* VKSwapchain.cpp in Sources */,
				42003EF428ABE9EE00D94AA7 /* FileUtils.cpp in Sources */,
				42003EC028ABE9ED00D94AA7 /* ShaderStage.cpp in Sources */,
				42003EF628ABE9EE00D94AA7 /* EventSystem.cpp in Sources */,
				A9BC9B1D1EE8421F00384233 /* EagleExample.cpp in Sources */,
				A9B67B8C1C3AAEA200373FFD /* AppDelegate.m in Sources */,
				42003EB628ABE9ED00D94AA7 /* DescriptorSetLayout.cpp in Sources */,
				42003ECA28ABE9ED00D94AA7 /* VKDescriptorSetLayout.cpp in Sources */,
				42003EB028ABE9ED00D94AA7 /* Texture.cpp in Sources */,
				AA54A6CD26E52CE400485C4A /* hashlist.c in Sources */,
				42003EEA28ABE9ED00D94AA7 /* Surface.cpp in Sources */,
				42003EEC28ABE9ED00D94AA7 /* VertexInput.cpp in Sources */,
				42003EBC28ABE9ED00D94AA7 /* Buffer.cpp in Sources */,
				42003EE428ABE9ED00D94AA7 /* VKRenderPass.cpp in Sources */,
				A9B67B8F1C3AAEA200373FFD /* main.m in Sources */,
				42003EDA28ABE9ED00D94AA7 /* VKDescriptorPool.cpp in Sources */,
				42003EAC28ABE9ED00D94AA7 /* Framebuffer.cpp in Sources */,
				42003EFE28ABE9EE00D94AA7 /* RenderPipeline.cpp in Sources */,
				42003EDC28ABE9ED00D94AA7 /* VKFramebuffer.cpp in Sources */,
				42003ED228ABE9ED00D94AA7 /* VKDebug.cpp in Sources */,
				42003EF228ABE9EE00D94AA7 /* Utils.cpp in Sources */,
				42003EF828ABE9EE00D94AA7 /* EagleRenderer.cpp in Sources */,
				AA54A6D926E52CE400485C4A /* swap.c in Sources */,
				42003F0C28ABE9EE00D94AA7 /* RenderVisitor.cpp in Sources */,
				42003EE828ABE9ED00D94AA7 /* VKContext.cpp in Sources */,
				AA54A6BF26E52CE300485C4A /* checkheader.c in Sources */,
				A9B67B8D1C3AAEA200373FFD /* DemoViewController.mm in Sources */,
				42003F0228ABE9EE00D94AA7 /* RenderGraph.cpp in Sources */,
				42003F0A28ABE9EE00D94AA7 /* GraphExcutor.cpp in Sources */,
				42003EBE28ABE9ED00D94AA7 /* Swapchain.cpp in Sources */,
				42003EF028ABE9EE00D94AA7 /* CommandBuffer.cpp in Sources */,
				AA54A6E526E52CE400485C4A /* imgui_demo.cpp in Sources */,
				AA54A6E126E52CE400485C4A /* imgui.cpp in Sources */,
				42003EC228ABE9ED00D94AA7 /* VKDevice.cpp in Sources */,
				42003ED428ABE9ED00D94AA7 /* VKShaderStage.cpp in Sources */,
				42003ECC28ABE9ED00D94AA7 /* VKSurface.cpp in Sources */,
				42003EA628ABE9ED00D94AA7 /* PipelineLayout.cpp in Sources */,
			);
			runOnlyForDeploymentPostprocessing = 0;
		};
/* End PBXSourcesBuildPhase section */

/* Begin XCBuildConfiguration section */
		1D6058940D05DD3E006BFB54 /* Debug */ = {
			isa = XCBuildConfiguration;
			buildSettings = {
				ASSETCATALOG_COMPILER_APPICON_NAME = AppIcon;
				ASSETCATALOG_COMPILER_INCLUDE_ALL_APPICON_ASSETS = NO;
				BUILD_LIBRARY_FOR_DISTRIBUTION = NO;
				CODE_SIGN_IDENTITY = "iPhone Developer";
				DEVELOPMENT_TEAM = F3FB859Z6J;
				GCC_PREFIX_HEADER = "";
				GCC_PREPROCESSOR_DEFINITIONS = (
					"$(inherited)",
					"DEBUG=1",
					_DEBUG,
					VK_USE_PLATFORM_IOS_MVK,
					USE_PLATFORM_IOS_MVK,
					"ENGINE_VERSION=0.1",
					"ENGINE_NAME=\\\"EagleEngine\\\"",
					USE_GFX_VULKAN,
					"VALIDATION=0",
				);
				GCC_WARN_64_TO_32_BIT_CONVERSION = NO;
				INFOPLIST_FILE = "$(SRCROOT)/iOS/Info.plist";
				IPHONEOS_DEPLOYMENT_TARGET = 13.0;
				LD_RUNPATH_SEARCH_PATHS = "@executable_path";
				LIBRARY_SEARCH_PATHS = "\"$(SRCROOT)/MoltenVK/dylib/iOS\"";
				PRODUCT_BUNDLE_IDENTIFIER = com.eagle.examples;
				SDKROOT = iphoneos;
				SUPPORTED_PLATFORMS = "iphonesimulator iphoneos";
				TARGETED_DEVICE_FAMILY = "1,2";
				VALIDATE_WORKSPACE = NO;
				VALID_ARCHS = "$(ARCHS_STANDARD)";
			};
			name = Debug;
		};
		1D6058950D05DD3E006BFB54 /* Release */ = {
			isa = XCBuildConfiguration;
			buildSettings = {
				ASSETCATALOG_COMPILER_APPICON_NAME = AppIcon;
				ASSETCATALOG_COMPILER_INCLUDE_ALL_APPICON_ASSETS = NO;
				BUILD_LIBRARY_FOR_DISTRIBUTION = NO;
				CODE_SIGN_IDENTITY = "iPhone Developer";
				DEVELOPMENT_TEAM = F3FB859Z6J;
				GCC_PREFIX_HEADER = "";
				GCC_PREPROCESSOR_DEFINITIONS = (
					"$(inherited)",
					VK_USE_PLATFORM_IOS_MVK,
					USE_PLATFORM_IOS_MVK,
					"ENGINE_VERSION=0.1",
					"ENGINE_NAME=\\\"EagleEngine\\\"",
					USE_GFX_VULKAN,
					"VALIDATION=0",
				);
				GCC_WARN_64_TO_32_BIT_CONVERSION = NO;
				INFOPLIST_FILE = "$(SRCROOT)/iOS/Info.plist";
				IPHONEOS_DEPLOYMENT_TARGET = 13.0;
				LD_RUNPATH_SEARCH_PATHS = "@executable_path";
				LIBRARY_SEARCH_PATHS = "\"$(SRCROOT)/MoltenVK/dylib/iOS\"";
				PRODUCT_BUNDLE_IDENTIFIER = com.eagle.examples;
				SDKROOT = iphoneos;
				SUPPORTED_PLATFORMS = "iphonesimulator iphoneos";
				TARGETED_DEVICE_FAMILY = "1,2";
				VALIDATE_WORKSPACE = NO;
				VALID_ARCHS = "$(ARCHS_STANDARD)";
			};
			name = Release;
		};
		A977BCFC1B66BB010067E5BF /* Debug */ = {
			isa = XCBuildConfiguration;
			buildSettings = {
				ARCHS = "$(ARCHS_STANDARD)";
				ASSETCATALOG_COMPILER_APPICON_NAME = AppIcon;
				COMBINE_HIDPI_IMAGES = YES;
				GCC_PREFIX_HEADER = "";
				GCC_PREPROCESSOR_DEFINITIONS = (
					"$(inherited)",
					"DEBUG=1",
					_DEBUG,
					VK_USE_PLATFORM_MACOS_MVK,
					USE_PLATFORM_MACOS_MVK,
					"ENGINE_VERSION=0.1",
					"ENGINE_NAME=\\\"EagleEngine\\\"",
					USE_GFX_VULKAN,
					"VALIDATION=0",
				);
				INFOPLIST_FILE = "$(SRCROOT)/macOS/Info.plist";
				LD_RUNPATH_SEARCH_PATHS = "@executable_path";
				LIBRARY_SEARCH_PATHS = "\"$(SRCROOT)/MoltenVK/dylib/macOS\"";
				MACOSX_DEPLOYMENT_TARGET = 10.11;
				SDKROOT = macosx;
			};
			name = Debug;
		};
		A977BCFD1B66BB010067E5BF /* Release */ = {
			isa = XCBuildConfiguration;
			buildSettings = {
				ARCHS = "$(ARCHS_STANDARD)";
				ASSETCATALOG_COMPILER_APPICON_NAME = AppIcon;
				COMBINE_HIDPI_IMAGES = YES;
				GCC_PREFIX_HEADER = "";
				GCC_PREPROCESSOR_DEFINITIONS = (
					"$(inherited)",
					VK_USE_PLATFORM_MACOS_MVK,
					USE_PLATFORM_MACOS_MVK,
					"ENGINE_VERSION=0.1",
					"ENGINE_NAME=\\\"EagleEngine\\\"",
					USE_GFX_VULKAN,
					"VALIDATION=0",
				);
				INFOPLIST_FILE = "$(SRCROOT)/macOS/Info.plist";
				LD_RUNPATH_SEARCH_PATHS = "@executable_path";
				LIBRARY_SEARCH_PATHS = "\"$(SRCROOT)/MoltenVK/dylib/macOS\"";
				MACOSX_DEPLOYMENT_TARGET = 10.11;
				ONLY_ACTIVE_ARCH = NO;
				SDKROOT = macosx;
			};
			name = Release;
		};
		C01FCF4F08A954540054247B /* Debug */ = {
			isa = XCBuildConfiguration;
			buildSettings = {
				CLANG_ANALYZER_LOCALIZABILITY_NONLOCALIZED = YES;
				CLANG_CXX_LANGUAGE_STANDARD = "c++14";
				CLANG_CXX_LIBRARY = "libc++";
				CLANG_ENABLE_MODULES = YES;
				CLANG_ENABLE_OBJC_ARC = NO;
				CLANG_WARN_BLOCK_CAPTURE_AUTORELEASING = YES;
				CLANG_WARN_BOOL_CONVERSION = YES;
				CLANG_WARN_COMMA = YES;
				CLANG_WARN_CONSTANT_CONVERSION = YES;
				CLANG_WARN_EMPTY_BODY = YES;
				CLANG_WARN_ENUM_CONVERSION = YES;
				CLANG_WARN_INFINITE_RECURSION = YES;
				CLANG_WARN_INT_CONVERSION = YES;
				CLANG_WARN_NON_LITERAL_NULL_CONVERSION = YES;
				CLANG_WARN_OBJC_LITERAL_CONVERSION = YES;
				CLANG_WARN_RANGE_LOOP_ANALYSIS = YES;
				CLANG_WARN_STRICT_PROTOTYPES = YES;
				CLANG_WARN_SUSPICIOUS_MOVE = YES;
				CLANG_WARN_UNREACHABLE_CODE = YES;
				CLANG_WARN__DUPLICATE_METHOD_MATCH = YES;
				COPY_PHASE_STRIP = NO;
				DEPLOYMENT_POSTPROCESSING = YES;
				ENABLE_BITCODE = NO;
				ENABLE_STRICT_OBJC_MSGSEND = YES;
				ENABLE_TESTABILITY = YES;
				EXCLUDED_SOURCE_FILE_NAMES = "";
				GCC_C_LANGUAGE_STANDARD = c99;
				GCC_NO_COMMON_BLOCKS = YES;
				GCC_OPTIMIZATION_LEVEL = 0;
				GCC_PRECOMPILE_PREFIX_HEADER = YES;
				GCC_PREPROCESSOR_DEFINITIONS = EAGLE_triangle;
				GCC_SYMBOLS_PRIVATE_EXTERN = NO;
				GCC_WARN_64_TO_32_BIT_CONVERSION = YES;
				GCC_WARN_ABOUT_DEPRECATED_FUNCTIONS = NO;
				GCC_WARN_ABOUT_RETURN_TYPE = YES;
				GCC_WARN_UNDECLARED_SELECTOR = YES;
				GCC_WARN_UNINITIALIZED_AUTOS = YES;
				GCC_WARN_UNUSED_FUNCTION = YES;
				GCC_WARN_UNUSED_VARIABLE = YES;
				HEADER_SEARCH_PATHS = (
					"\"$(SRCROOT)/MoltenVK/include\"",
					"\"$(SRCROOT)/../external\"/**",
					"\"$(SRCROOT)/../core\"/**",
				);
				ONLY_ACTIVE_ARCH = YES;
				PRODUCT_BUNDLE_IDENTIFIER = "com.moltenvk.${PRODUCT_NAME:identifier}";
				PRODUCT_NAME = "${PROJECT}";
			};
			name = Debug;
		};
		C01FCF5008A954540054247B /* Release */ = {
			isa = XCBuildConfiguration;
			buildSettings = {
				CLANG_ANALYZER_LOCALIZABILITY_NONLOCALIZED = YES;
				CLANG_CXX_LANGUAGE_STANDARD = "c++14";
				CLANG_CXX_LIBRARY = "libc++";
				CLANG_ENABLE_MODULES = YES;
				CLANG_ENABLE_OBJC_ARC = NO;
				CLANG_WARN_BLOCK_CAPTURE_AUTORELEASING = YES;
				CLANG_WARN_BOOL_CONVERSION = YES;
				CLANG_WARN_COMMA = YES;
				CLANG_WARN_CONSTANT_CONVERSION = YES;
				CLANG_WARN_EMPTY_BODY = YES;
				CLANG_WARN_ENUM_CONVERSION = YES;
				CLANG_WARN_INFINITE_RECURSION = YES;
				CLANG_WARN_INT_CONVERSION = YES;
				CLANG_WARN_NON_LITERAL_NULL_CONVERSION = YES;
				CLANG_WARN_OBJC_LITERAL_CONVERSION = YES;
				CLANG_WARN_RANGE_LOOP_ANALYSIS = YES;
				CLANG_WARN_STRICT_PROTOTYPES = YES;
				CLANG_WARN_SUSPICIOUS_MOVE = YES;
				CLANG_WARN_UNREACHABLE_CODE = YES;
				CLANG_WARN__DUPLICATE_METHOD_MATCH = YES;
				DEPLOYMENT_POSTPROCESSING = YES;
				ENABLE_BITCODE = NO;
				ENABLE_STRICT_OBJC_MSGSEND = YES;
				GCC_C_LANGUAGE_STANDARD = c99;
				GCC_NO_COMMON_BLOCKS = YES;
				GCC_PRECOMPILE_PREFIX_HEADER = YES;
				GCC_PREPROCESSOR_DEFINITIONS = EAGLE_triangle;
				GCC_SYMBOLS_PRIVATE_EXTERN = NO;
				GCC_WARN_64_TO_32_BIT_CONVERSION = YES;
				GCC_WARN_ABOUT_DEPRECATED_FUNCTIONS = NO;
				GCC_WARN_ABOUT_RETURN_TYPE = YES;
				GCC_WARN_UNDECLARED_SELECTOR = YES;
				GCC_WARN_UNINITIALIZED_AUTOS = YES;
				GCC_WARN_UNUSED_FUNCTION = YES;
				GCC_WARN_UNUSED_VARIABLE = YES;
				HEADER_SEARCH_PATHS = (
					"\"$(SRCROOT)/MoltenVK/include\"",
					"\"$(SRCROOT)/../external\"/**",
					"\"$(SRCROOT)/../core\"/**",
				);
				PRODUCT_BUNDLE_IDENTIFIER = "com.moltenvk.${PRODUCT_NAME:identifier}";
				PRODUCT_NAME = "${PROJECT}";
			};
			name = Release;
		};
/* End XCBuildConfiguration section */

/* Begin XCConfigurationList section */
		1D6058960D05DD3E006BFB54 /* Build configuration list for PBXNativeTarget "examples-ios" */ = {
			isa = XCConfigurationList;
			buildConfigurations = (
				1D6058940D05DD3E006BFB54 /* Debug */,
				1D6058950D05DD3E006BFB54 /* Release */,
			);
			defaultConfigurationIsVisible = 0;
			defaultConfigurationName = Release;
		};
		A977BCFB1B66BB010067E5BF /* Build configuration list for PBXNativeTarget "examples-macos" */ = {
			isa = XCConfigurationList;
			buildConfigurations = (
				A977BCFC1B66BB010067E5BF /* Debug */,
				A977BCFD1B66BB010067E5BF /* Release */,
			);
			defaultConfigurationIsVisible = 0;
			defaultConfigurationName = Release;
		};
		C01FCF4E08A954540054247B /* Build configuration list for PBXProject "examples" */ = {
			isa = XCConfigurationList;
			buildConfigurations = (
				C01FCF4F08A954540054247B /* Debug */,
				C01FCF5008A954540054247B /* Release */,
			);
			defaultConfigurationIsVisible = 0;
			defaultConfigurationName = Release;
		};
/* End XCConfigurationList section */
	};
	rootObject = 29B97313FDCFA39411CA2CEA /* Project object */;
}
